Microsoft Visual Studio Solution File, Format Version 9.00
# Visual Studio 2005
Project("{8BC9CEB8-8B4A-11D0-8D11-00A0C91BC942}") = "ComputeNorm", "wincfg\ComputeNorm_2005.vcproj", "{0BBBB7EB-F607-47A3-9E47-0277FA918C8D}"
	ProjectSection(ProjectDependencies) = postProject
		{58F6758A-8596-4F29-B977-78CB83BE5FF9} = {58F6758A-8596-4F29-B977-78CB83BE5FF9}
	EndProjectSection
EndProject
Project("{8BC9CEB8-8B4A-11D0-8D11-00A0C91BC942}") = "liatools", "wincfg\liatools_2005.vcproj", "{58F6758A-8596-4F29-B977-78CB83BE5FF9}"
EndProject
Project("{8BC9CEB8-8B4A-11D0-8D11-00A0C91BC942}") = "ComputeTest", "wincfg\ComputeTest_2005.vcproj", "{CBC43362-0B59-46A0-AFE6-E56401774DA5}"
	ProjectSection(ProjectDependencies) = postProject
		{58F6758A-8596-4F29-B977-78CB83BE5FF9} = {58F6758A-8596-4F29-B977-78CB83BE5FF9}
	EndProjectSection
EndProject
Project("{8BC9CEB8-8B4A-11D0-8D11-00A0C91BC942}") = "TrainWorld", "wincfg\TrainWorld_2005.vcproj", "{00998434-FCB7-4B53-9E18-8E3ED956040A}"
	ProjectSection(ProjectDependencies) = postProject
		{58F6758A-8596-4F29-B977-78CB83BE5FF9} = {58F6758A-8596-4F29-B977-78CB83BE5FF9}
	EndProjectSection
EndProject
Project("{8BC9CEB8-8B4A-11D0-8D11-00A0C91BC942}") = "CovIntra", "wincfg\CovIntra_2005.vcproj", "{6009FE0D-7D27-427F-8BFE-1898545C6932}"
	ProjectSection(ProjectDependencies) = postProject
		{58F6758A-8596-4F29-B977-78CB83BE5FF9} = {58F6758A-8596-4F29-B977-78CB83BE5FF9}
	EndProjectSection
EndProject
Project("{8BC9CEB8-8B4A-11D0-8D11-00A0C91BC942}") = "EigenChannel", "wincfg\EigenChannel_2005.vcproj", "{19A9DE76-B4E4-4B18-B4DE-8F99650D223F}"
	ProjectSection(ProjectDependencies) = postProject
		{58F6758A-8596-4F29-B977-78CB83BE5FF9} = {58F6758A-8596-4F29-B977-78CB83BE5FF9}
	EndProjectSection
EndProject
Project("{8BC9CEB8-8B4A-11D0-8D11-00A0C91BC942}") = "EnergyDetector", "wincfg\EnergyDetector_2005.vcproj", "{AF66FD7A-D777-4001-B228-85716B71AD24}"
	ProjectSection(ProjectDependencies) = postProject
		{58F6758A-8596-4F29-B977-78CB83BE5FF9} = {58F6758A-8596-4F29-B977-78CB83BE5FF9}
	EndProjectSection
EndProject
Project("{8BC9CEB8-8B4A-11D0-8D11-00A0C91BC942}") = "NormFeat", "wincfg\NormFeat_2005.vcproj", "{8705A7A0-34BA-430B-99F8-8A31C92A310F}"
	ProjectSection(ProjectDependencies) = postProject
		{58F6758A-8596-4F29-B977-78CB83BE5FF9} = {58F6758A-8596-4F29-B977-78CB83BE5FF9}
	EndProjectSection
EndProject
Project("{8BC9CEB8-8B4A-11D0-8D11-00A0C91BC942}") = "NormFeatWindowMode", "wincfg\NormFeatWindowMode_2005.vcproj", "{385489E7-58AD-4A0A-9345-10B1BB4DF031}"
	ProjectSection(ProjectDependencies) = postProject
		{58F6758A-8596-4F29-B977-78CB83BE5FF9} = {58F6758A-8596-4F29-B977-78CB83BE5FF9}
	EndProjectSection
EndProject
Project("{8BC9CEB8-8B4A-11D0-8D11-00A0C91BC942}") = "SpkAdapt", "wincfg\SpkAdapt_2005.vcproj", "{678FFDCA-4FE2-41C3-8ACD-C7F96E27B3DF}"
	ProjectSection(ProjectDependencies) = postProject
		{58F6758A-8596-4F29-B977-78CB83BE5FF9} = {58F6758A-8596-4F29-B977-78CB83BE5FF9}
	EndProjectSection
EndProject
Project("{8BC9CEB8-8B4A-11D0-8D11-00A0C91BC942}") = "TrainTarget", "wincfg\TrainTarget_2005.vcproj", "{B7A7EDC2-D34D-415B-940F-7CA13ACE2126}"
	ProjectSection(ProjectDependencies) = postProject
		{58F6758A-8596-4F29-B977-78CB83BE5FF9} = {58F6758A-8596-4F29-B977-78CB83BE5FF9}
	EndProjectSection
EndProject
Project("{8BC9CEB8-8B4A-11D0-8D11-00A0C91BC942}") = "BNGram", "wincfg\BNGram_2005.vcproj", "{CC3C99A0-0CAD-47FB-9B40-6E292056228B}"
	ProjectSection(ProjectDependencies) = postProject
		{58F6758A-8596-4F29-B977-78CB83BE5FF9} = {58F6758A-8596-4F29-B977-78CB83BE5FF9}
	EndProjectSection
EndProject
Project("{8BC9CEB8-8B4A-11D0-8D11-00A0C91BC942}") = "ExtractParams", "wincfg\ExtractParams_2005.vcproj", "{34CB116A-5056-473A-9263-603AE3EF9C74}"
	ProjectSection(ProjectDependencies) = postProject
		{58F6758A-8596-4F29-B977-78CB83BE5FF9} = {58F6758A-8596-4F29-B977-78CB83BE5FF9}
	EndProjectSection
EndProject
Project("{8BC9CEB8-8B4A-11D0-8D11-00A0C91BC942}") = "FusionScore", "wincfg\FusionScore_2005.vcproj", "{305A1E8B-0601-47BA-93EC-5D153FE83525}"
	ProjectSection(ProjectDependencies) = postProject
		{58F6758A-8596-4F29-B977-78CB83BE5FF9} = {58F6758A-8596-4F29-B977-78CB83BE5FF9}
	EndProjectSection
EndProject
Project("{8BC9CEB8-8B4A-11D0-8D11-00A0C91BC942}") = "GmmTokenizer", "wincfg\GmmTokenizer_2005.vcproj", "{080C575A-4D9D-4F24-BBFE-29E384D181EA}"
	ProjectSection(ProjectDependencies) = postProject
		{58F6758A-8596-4F29-B977-78CB83BE5FF9} = {58F6758A-8596-4F29-B977-78CB83BE5FF9}
	EndProjectSection
EndProject
Project("{8BC9CEB8-8B4A-11D0-8D11-00A0C91BC942}") = "Hist", "wincfg\Hist_2005.vcproj", "{6BCE18A8-3100-45CC-87EC-D85466CD07CB}"
	ProjectSection(ProjectDependencies) = postProject
		{58F6758A-8596-4F29-B977-78CB83BE5FF9} = {58F6758A-8596-4F29-B977-78CB83BE5FF9}
	EndProjectSection
EndProject
Project("{8BC9CEB8-8B4A-11D0-8D11-00A0C91BC942}") = "LabelFusion", "wincfg\LabelFusion_2005.vcproj", "{AD5DD0CA-8980-420B-8268-D93855F4EA81}"
	ProjectSection(ProjectDependencies) = postProject
		{58F6758A-8596-4F29-B977-78CB83BE5FF9} = {58F6758A-8596-4F29-B977-78CB83BE5FF9}
	EndProjectSection
EndProject
Project("{8BC9CEB8-8B4A-11D0-8D11-00A0C91BC942}") = "LabelNGram", "wincfg\LabelNGram_2005.vcproj", "{F627FDC8-93FB-4799-BA54-4A7D6A15C789}"
	ProjectSection(ProjectDependencies) = postProject
		{58F6758A-8596-4F29-B977-78CB83BE5FF9} = {58F6758A-8596-4F29-B977-78CB83BE5FF9}
	EndProjectSection
EndProject
Project("{8BC9CEB8-8B4A-11D0-8D11-00A0C91BC942}") = "ModelToSv", "wincfg\modelToSv_2005.vcproj", "{00F2C82E-4C51-40D5-918E-FACD10B510B6}"
	ProjectSection(ProjectDependencies) = postProject
		{58F6758A-8596-4F29-B977-78CB83BE5FF9} = {58F6758A-8596-4F29-B977-78CB83BE5FF9}
	EndProjectSection
EndProject
Project("{8BC9CEB8-8B4A-11D0-8D11-00A0C91BC942}") = "NAPSV", "wincfg\NAPSV_2005.vcproj", "{C64F7E38-A2E0-4288-A3ED-4113CE2BCDD4}"
	ProjectSection(ProjectDependencies) = postProject
		{58F6758A-8596-4F29-B977-78CB83BE5FF9} = {58F6758A-8596-4F29-B977-78CB83BE5FF9}
	EndProjectSection
EndProject
Project("{8BC9CEB8-8B4A-11D0-8D11-00A0C91BC942}") = "ReadFeatFile", "wincfg\ReadFeatFile_2005.vcproj", "{C5E2A088-C1DB-4C6E-AD50-418D46E53C39}"
	ProjectSection(ProjectDependencies) = postProject
		{58F6758A-8596-4F29-B977-78CB83BE5FF9} = {58F6758A-8596-4F29-B977-78CB83BE5FF9}
	EndProjectSection
EndProject
Project("{8BC9CEB8-8B4A-11D0-8D11-00A0C91BC942}") = "PolyExpand", "wincfg\PolyExp_2005.vcproj", "{F74E43E5-F6C0-45E5-BA8D-F292C236E94E}"
	ProjectSection(ProjectDependencies) = postProject
		{58F6758A-8596-4F29-B977-78CB83BE5FF9} = {58F6758A-8596-4F29-B977-78CB83BE5FF9}
	EndProjectSection
EndProject
Project("{8BC9CEB8-8B4A-11D0-8D11-00A0C91BC942}") = "ReadModel", "wincfg\ReadModel_2005.vcproj", "{9B3755CD-839A-4CCC-87F4-D1FB24EF9C52}"
	ProjectSection(ProjectDependencies) = postProject
		{58F6758A-8596-4F29-B977-78CB83BE5FF9} = {58F6758A-8596-4F29-B977-78CB83BE5FF9}
	EndProjectSection
EndProject
Project("{8BC9CEB8-8B4A-11D0-8D11-00A0C91BC942}") = "ScoreWarp", "wincfg\ScoreWarp_2005.vcproj", "{B2FAF5B8-3AB3-44A1-B82E-5E2B7BCCC234}"
	ProjectSection(ProjectDependencies) = postProject
		{58F6758A-8596-4F29-B977-78CB83BE5FF9} = {58F6758A-8596-4F29-B977-78CB83BE5FF9}
	EndProjectSection
EndProject
Project("{8BC9CEB8-8B4A-11D0-8D11-00A0C91BC942}") = "Scoring", "wincfg\Scoring_2005.vcproj", "{B7B04601-0B3E-4BD8-9118-11FA249E54CF}"
	ProjectSection(ProjectDependencies) = postProject
		{58F6758A-8596-4F29-B977-78CB83BE5FF9} = {58F6758A-8596-4F29-B977-78CB83BE5FF9}
	EndProjectSection
EndProject
Project("{8BC9CEB8-8B4A-11D0-8D11-00A0C91BC942}") = "SequenceDecoder", "wincfg\SequenceDecoder_2005.vcproj", "{55A0CE15-0F84-41D6-848F-5DC08D3EC0DC}"
	ProjectSection(ProjectDependencies) = postProject
		{58F6758A-8596-4F29-B977-78CB83BE5FF9} = {58F6758A-8596-4F29-B977-78CB83BE5FF9}
	EndProjectSection
EndProject
Project("{8BC9CEB8-8B4A-11D0-8D11-00A0C91BC942}") = "SequenceExtractor", "wincfg\SequenceExtractor_2005.vcproj", "{D1A6F06B-0EAE-464A-B6F9-11E1A138362E}"
	ProjectSection(ProjectDependencies) = postProject
		{58F6758A-8596-4F29-B977-78CB83BE5FF9} = {58F6758A-8596-4F29-B977-78CB83BE5FF9}
	EndProjectSection
EndProject
Project("{8BC9CEB8-8B4A-11D0-8D11-00A0C91BC942}") = "Svm", "wincfg\Svm_2005.vcproj", "{4209CA89-22E6-4DE5-BF68-9AC7E7CFA79E}"
	ProjectSection(ProjectDependencies) = postProject
		{58F6758A-8596-4F29-B977-78CB83BE5FF9} = {58F6758A-8596-4F29-B977-78CB83BE5FF9}
	EndProjectSection
EndProject
Project("{8BC9CEB8-8B4A-11D0-8D11-00A0C91BC942}") = "TimeCluster", "wincfg\TimeCluster_2005.vcproj", "{7AB48B01-CA7B-4266-8CDC-F73D93DD13A5}"
	ProjectSection(ProjectDependencies) = postProject
		{58F6758A-8596-4F29-B977-78CB83BE5FF9} = {58F6758A-8596-4F29-B977-78CB83BE5FF9}
	EndProjectSection
EndProject
Project("{8BC9CEB8-8B4A-11D0-8D11-00A0C91BC942}") = "ComputeJFAStats", "wincfg\ComputeJFAStats_2005.vcproj", "{37EF1FDE-B166-4427-B0A0-EDFE2AF3A7D9}"
	ProjectSection(ProjectDependencies) = postProject
		{58F6758A-8596-4F29-B977-78CB83BE5FF9} = {58F6758A-8596-4F29-B977-78CB83BE5FF9}
	EndProjectSection
EndProject
Project("{8BC9CEB8-8B4A-11D0-8D11-00A0C91BC942}") = "EstimateDMatrix", "wincfg\EstimateDMatrix_2005.vcproj", "{0EBE3E92-FD46-44E3-8239-5465F6DD4C3D}"
	ProjectSection(ProjectDependencies) = postProject
		{58F6758A-8596-4F29-B977-78CB83BE5FF9} = {58F6758A-8596-4F29-B977-78CB83BE5FF9}
	EndProjectSection
EndProject
Project("{8BC9CEB8-8B4A-11D0-8D11-00A0C91BC942}") = "EigenVoice", "wincfg\EigenVoice_2005.vcproj", "{05B279C0-5013-4033-B863-EF9E471C0B04}"
	ProjectSection(ProjectDependencies) = postProject
		{58F6758A-8596-4F29-B977-78CB83BE5FF9} = {58F6758A-8596-4F29-B977-78CB83BE5FF9}
	EndProjectSection
EndProject
Global
	GlobalSection(SolutionConfigurationPlatforms) = preSolution
		Debug|Win32 = Debug|Win32
		Debug|x64 = Debug|x64
		Release|Win32 = Release|Win32
		Release|x64 = Release|x64
	EndGlobalSection
	GlobalSection(ProjectConfigurationPlatforms) = postSolution
		{0BBBB7EB-F607-47A3-9E47-0277FA918C8D}.Debug|Win32.ActiveCfg = Debug|Win32
		{0BBBB7EB-F607-47A3-9E47-0277FA918C8D}.Debug|Win32.Build.0 = Debug|Win32
		{0BBBB7EB-F607-47A3-9E47-0277FA918C8D}.Debug|x64.ActiveCfg = Debug|x64
		{0BBBB7EB-F607-47A3-9E47-0277FA918C8D}.Debug|x64.Build.0 = Debug|x64
		{0BBBB7EB-F607-47A3-9E47-0277FA918C8D}.Release|Win32.ActiveCfg = Release|Win32
		{0BBBB7EB-F607-47A3-9E47-0277FA918C8D}.Release|Win32.Build.0 = Release|Win32
		{0BBBB7EB-F607-47A3-9E47-0277FA918C8D}.Release|x64.ActiveCfg = Release|x64
		{0BBBB7EB-F607-47A3-9E47-0277FA918C8D}.Release|x64.Build.0 = Release|x64
		{58F6758A-8596-4F29-B977-78CB83BE5FF9}.Debug|Win32.ActiveCfg = Debug|Win32
		{58F6758A-8596-4F29-B977-78CB83BE5FF9}.Debug|Win32.Build.0 = Debug|Win32
		{58F6758A-8596-4F29-B977-78CB83BE5FF9}.Debug|x64.ActiveCfg = Debug|x64
		{58F6758A-8596-4F29-B977-78CB83BE5FF9}.Debug|x64.Build.0 = Debug|x64
		{58F6758A-8596-4F29-B977-78CB83BE5FF9}.Release|Win32.ActiveCfg = Release|Win32
		{58F6758A-8596-4F29-B977-78CB83BE5FF9}.Release|Win32.Build.0 = Release|Win32
		{58F6758A-8596-4F29-B977-78CB83BE5FF9}.Release|x64.ActiveCfg = Release|x64
		{58F6758A-8596-4F29-B977-78CB83BE5FF9}.Release|x64.Build.0 = Release|x64
		{CBC43362-0B59-46A0-AFE6-E56401774DA5}.Debug|Win32.ActiveCfg = Debug|Win32
		{CBC43362-0B59-46A0-AFE6-E56401774DA5}.Debug|Win32.Build.0 = Debug|Win32
		{CBC43362-0B59-46A0-AFE6-E56401774DA5}.Debug|x64.ActiveCfg = Debug|x64
		{CBC43362-0B59-46A0-AFE6-E56401774DA5}.Debug|x64.Build.0 = Debug|x64
		{CBC43362-0B59-46A0-AFE6-E56401774DA5}.Release|Win32.ActiveCfg = Release|Win32
		{CBC43362-0B59-46A0-AFE6-E56401774DA5}.Release|Win32.Build.0 = Release|Win32
		{CBC43362-0B59-46A0-AFE6-E56401774DA5}.Release|x64.ActiveCfg = Release|x64
		{CBC43362-0B59-46A0-AFE6-E56401774DA5}.Release|x64.Build.0 = Release|x64
		{00998434-FCB7-4B53-9E18-8E3ED956040A}.Debug|Win32.ActiveCfg = Debug|Win32
		{00998434-FCB7-4B53-9E18-8E3ED956040A}.Debug|Win32.Build.0 = Debug|Win32
		{00998434-FCB7-4B53-9E18-8E3ED956040A}.Debug|x64.ActiveCfg = Debug|x64
		{00998434-FCB7-4B53-9E18-8E3ED956040A}.Debug|x64.Build.0 = Debug|x64
		{00998434-FCB7-4B53-9E18-8E3ED956040A}.Release|Win32.ActiveCfg = Release|Win32
		{00998434-FCB7-4B53-9E18-8E3ED956040A}.Release|Win32.Build.0 = Release|Win32
		{00998434-FCB7-4B53-9E18-8E3ED956040A}.Release|x64.ActiveCfg = Release|x64
		{00998434-FCB7-4B53-9E18-8E3ED956040A}.Release|x64.Build.0 = Release|x64
		{6009FE0D-7D27-427F-8BFE-1898545C6932}.Debug|Win32.ActiveCfg = Debug|Win32
		{6009FE0D-7D27-427F-8BFE-1898545C6932}.Debug|Win32.Build.0 = Debug|Win32
		{6009FE0D-7D27-427F-8BFE-1898545C6932}.Debug|x64.ActiveCfg = Debug|Win32
		{6009FE0D-7D27-427F-8BFE-1898545C6932}.Release|Win32.ActiveCfg = Release|Win32
		{6009FE0D-7D27-427F-8BFE-1898545C6932}.Release|Win32.Build.0 = Release|Win32
		{6009FE0D-7D27-427F-8BFE-1898545C6932}.Release|x64.ActiveCfg = Release|Win32
		{19A9DE76-B4E4-4B18-B4DE-8F99650D223F}.Debug|Win32.ActiveCfg = Debug|Win32
		{19A9DE76-B4E4-4B18-B4DE-8F99650D223F}.Debug|Win32.Build.0 = Debug|Win32
		{19A9DE76-B4E4-4B18-B4DE-8F99650D223F}.Debug|x64.ActiveCfg = Debug|x64
		{19A9DE76-B4E4-4B18-B4DE-8F99650D223F}.Debug|x64.Build.0 = Debug|x64
		{19A9DE76-B4E4-4B18-B4DE-8F99650D223F}.Release|Win32.ActiveCfg = Release|Win32
		{19A9DE76-B4E4-4B18-B4DE-8F99650D223F}.Release|Win32.Build.0 = Release|Win32
		{19A9DE76-B4E4-4B18-B4DE-8F99650D223F}.Release|x64.ActiveCfg = Release|x64
		{19A9DE76-B4E4-4B18-B4DE-8F99650D223F}.Release|x64.Build.0 = Release|x64
		{AF66FD7A-D777-4001-B228-85716B71AD24}.Debug|Win32.ActiveCfg = Debug|Win32
		{AF66FD7A-D777-4001-B228-85716B71AD24}.Debug|Win32.Build.0 = Debug|Win32
		{AF66FD7A-D777-4001-B228-85716B71AD24}.Debug|x64.ActiveCfg = Debug|x64
		{AF66FD7A-D777-4001-B228-85716B71AD24}.Debug|x64.Build.0 = Debug|x64
		{AF66FD7A-D777-4001-B228-85716B71AD24}.Release|Win32.ActiveCfg = Release|Win32
		{AF66FD7A-D777-4001-B228-85716B71AD24}.Release|Win32.Build.0 = Release|Win32
		{AF66FD7A-D777-4001-B228-85716B71AD24}.Release|x64.ActiveCfg = Release|x64
		{AF66FD7A-D777-4001-B228-85716B71AD24}.Release|x64.Build.0 = Release|x64
		{8705A7A0-34BA-430B-99F8-8A31C92A310F}.Debug|Win32.ActiveCfg = Debug|Win32
		{8705A7A0-34BA-430B-99F8-8A31C92A310F}.Debug|Win32.Build.0 = Debug|Win32
		{8705A7A0-34BA-430B-99F8-8A31C92A310F}.Debug|x64.ActiveCfg = Debug|x64
		{8705A7A0-34BA-430B-99F8-8A31C92A310F}.Debug|x64.Build.0 = Debug|x64
		{8705A7A0-34BA-430B-99F8-8A31C92A310F}.Release|Win32.ActiveCfg = Release|Win32
		{8705A7A0-34BA-430B-99F8-8A31C92A310F}.Release|Win32.Build.0 = Release|Win32
		{8705A7A0-34BA-430B-99F8-8A31C92A310F}.Release|x64.ActiveCfg = Release|x64
		{8705A7A0-34BA-430B-99F8-8A31C92A310F}.Release|x64.Build.0 = Release|x64
		{385489E7-58AD-4A0A-9345-10B1BB4DF031}.Debug|Win32.ActiveCfg = Debug|Win32
		{385489E7-58AD-4A0A-9345-10B1BB4DF031}.Debug|Win32.Build.0 = Debug|Win32
		{385489E7-58AD-4A0A-9345-10B1BB4DF031}.Debug|x64.ActiveCfg = Debug|x64
		{385489E7-58AD-4A0A-9345-10B1BB4DF031}.Debug|x64.Build.0 = Debug|x64
		{385489E7-58AD-4A0A-9345-10B1BB4DF031}.Release|Win32.ActiveCfg = Release|Win32
		{385489E7-58AD-4A0A-9345-10B1BB4DF031}.Release|Win32.Build.0 = Release|Win32
		{385489E7-58AD-4A0A-9345-10B1BB4DF031}.Release|x64.ActiveCfg = Release|x64
		{385489E7-58AD-4A0A-9345-10B1BB4DF031}.Release|x64.Build.0 = Release|x64
		{678FFDCA-4FE2-41C3-8ACD-C7F96E27B3DF}.Debug|Win32.ActiveCfg = Debug|Win32
		{678FFDCA-4FE2-41C3-8ACD-C7F96E27B3DF}.Debug|Win32.Build.0 = Debug|Win32
		{678FFDCA-4FE2-41C3-8ACD-C7F96E27B3DF}.Debug|x64.ActiveCfg = Debug|x64
		{678FFDCA-4FE2-41C3-8ACD-C7F96E27B3DF}.Debug|x64.Build.0 = Debug|x64
		{678FFDCA-4FE2-41C3-8ACD-C7F96E27B3DF}.Release|Win32.ActiveCfg = Release|Win32
		{678FFDCA-4FE2-41C3-8ACD-C7F96E27B3DF}.Release|Win32.Build.0 = Release|Win32
		{678FFDCA-4FE2-41C3-8ACD-C7F96E27B3DF}.Release|x64.ActiveCfg = Release|x64
		{678FFDCA-4FE2-41C3-8ACD-C7F96E27B3DF}.Release|x64.Build.0 = Release|x64
		{B7A7EDC2-D34D-415B-940F-7CA13ACE2126}.Debug|Win32.ActiveCfg = Debug|Win32
		{B7A7EDC2-D34D-415B-940F-7CA13ACE2126}.Debug|Win32.Build.0 = Debug|Win32
		{B7A7EDC2-D34D-415B-940F-7CA13ACE2126}.Debug|x64.ActiveCfg = Debug|x64
		{B7A7EDC2-D34D-415B-940F-7CA13ACE2126}.Debug|x64.Build.0 = Debug|x64
		{B7A7EDC2-D34D-415B-940F-7CA13ACE2126}.Release|Win32.ActiveCfg = Release|Win32
		{B7A7EDC2-D34D-415B-940F-7CA13ACE2126}.Release|Win32.Build.0 = Release|Win32
		{B7A7EDC2-D34D-415B-940F-7CA13ACE2126}.Release|x64.ActiveCfg = Release|x64
		{B7A7EDC2-D34D-415B-940F-7CA13ACE2126}.Release|x64.Build.0 = Release|x64
		{CC3C99A0-0CAD-47FB-9B40-6E292056228B}.Debug|Win32.ActiveCfg = Debug|Win32
		{CC3C99A0-0CAD-47FB-9B40-6E292056228B}.Debug|Win32.Build.0 = Debug|Win32
		{CC3C99A0-0CAD-47FB-9B40-6E292056228B}.Debug|x64.ActiveCfg = Debug|x64
		{CC3C99A0-0CAD-47FB-9B40-6E292056228B}.Debug|x64.Build.0 = Debug|x64
		{CC3C99A0-0CAD-47FB-9B40-6E292056228B}.Release|Win32.ActiveCfg = Release|Win32
		{CC3C99A0-0CAD-47FB-9B40-6E292056228B}.Release|Win32.Build.0 = Release|Win32
		{CC3C99A0-0CAD-47FB-9B40-6E292056228B}.Release|x64.ActiveCfg = Release|x64
		{CC3C99A0-0CAD-47FB-9B40-6E292056228B}.Release|x64.Build.0 = Release|x64
		{34CB116A-5056-473A-9263-603AE3EF9C74}.Debug|Win32.ActiveCfg = Debug|Win32
		{34CB116A-5056-473A-9263-603AE3EF9C74}.Debug|Win32.Build.0 = Debug|Win32
		{34CB116A-5056-473A-9263-603AE3EF9C74}.Debug|x64.ActiveCfg = Debug|x64
		{34CB116A-5056-473A-9263-603AE3EF9C74}.Debug|x64.Build.0 = Debug|x64
		{34CB116A-5056-473A-9263-603AE3EF9C74}.Release|Win32.ActiveCfg = Release|Win32
		{34CB116A-5056-473A-9263-603AE3EF9C74}.Release|Win32.Build.0 = Release|Win32
		{34CB116A-5056-473A-9263-603AE3EF9C74}.Release|x64.ActiveCfg = Release|x64
		{34CB116A-5056-473A-9263-603AE3EF9C74}.Release|x64.Build.0 = Release|x64
		{305A1E8B-0601-47BA-93EC-5D153FE83525}.Debug|Win32.ActiveCfg = Debug|Win32
		{305A1E8B-0601-47BA-93EC-5D153FE83525}.Debug|Win32.Build.0 = Debug|Win32
		{305A1E8B-0601-47BA-93EC-5D153FE83525}.Debug|x64.ActiveCfg = Debug|x64
		{305A1E8B-0601-47BA-93EC-5D153FE83525}.Debug|x64.Build.0 = Debug|x64
		{305A1E8B-0601-47BA-93EC-5D153FE83525}.Release|Win32.ActiveCfg = Release|Win32
		{305A1E8B-0601-47BA-93EC-5D153FE83525}.Release|Win32.Build.0 = Release|Win32
		{305A1E8B-0601-47BA-93EC-5D153FE83525}.Release|x64.ActiveCfg = Release|x64
		{305A1E8B-0601-47BA-93EC-5D153FE83525}.Release|x64.Build.0 = Release|x64
		{080C575A-4D9D-4F24-BBFE-29E384D181EA}.Debug|Win32.ActiveCfg = Debug|Win32
		{080C575A-4D9D-4F24-BBFE-29E384D181EA}.Debug|Win32.Build.0 = Debug|Win32
		{080C575A-4D9D-4F24-BBFE-29E384D181EA}.Debug|x64.ActiveCfg = Debug|x64
		{080C575A-4D9D-4F24-BBFE-29E384D181EA}.Debug|x64.Build.0 = Debug|x64
		{080C575A-4D9D-4F24-BBFE-29E384D181EA}.Release|Win32.ActiveCfg = Release|Win32
		{080C575A-4D9D-4F24-BBFE-29E384D181EA}.Release|Win32.Build.0 = Release|Win32
		{080C575A-4D9D-4F24-BBFE-29E384D181EA}.Release|x64.ActiveCfg = Release|x64
		{080C575A-4D9D-4F24-BBFE-29E384D181EA}.Release|x64.Build.0 = Release|x64
		{6BCE18A8-3100-45CC-87EC-D85466CD07CB}.Debug|Win32.ActiveCfg = Debug|Win32
		{6BCE18A8-3100-45CC-87EC-D85466CD07CB}.Debug|Win32.Build.0 = Debug|Win32
		{6BCE18A8-3100-45CC-87EC-D85466CD07CB}.Debug|x64.ActiveCfg = Debug|x64
		{6BCE18A8-3100-45CC-87EC-D85466CD07CB}.Debug|x64.Build.0 = Debug|x64
		{6BCE18A8-3100-45CC-87EC-D85466CD07CB}.Release|Win32.ActiveCfg = Release|Win32
		{6BCE18A8-3100-45CC-87EC-D85466CD07CB}.Release|Win32.Build.0 = Release|Win32
		{6BCE18A8-3100-45CC-87EC-D85466CD07CB}.Release|x64.ActiveCfg = Release|x64
		{6BCE18A8-3100-45CC-87EC-D85466CD07CB}.Release|x64.Build.0 = Release|x64
		{AD5DD0CA-8980-420B-8268-D93855F4EA81}.Debug|Win32.ActiveCfg = Debug|Win32
		{AD5DD0CA-8980-420B-8268-D93855F4EA81}.Debug|Win32.Build.0 = Debug|Win32
		{AD5DD0CA-8980-420B-8268-D93855F4EA81}.Debug|x64.ActiveCfg = Debug|x64
		{AD5DD0CA-8980-420B-8268-D93855F4EA81}.Debug|x64.Build.0 = Debug|x64
		{AD5DD0CA-8980-420B-8268-D93855F4EA81}.Release|Win32.ActiveCfg = Release|Win32
		{AD5DD0CA-8980-420B-8268-D93855F4EA81}.Release|Win32.Build.0 = Release|Win32
		{AD5DD0CA-8980-420B-8268-D93855F4EA81}.Release|x64.ActiveCfg = Release|x64
		{AD5DD0CA-8980-420B-8268-D93855F4EA81}.Release|x64.Build.0 = Release|x64
		{F627FDC8-93FB-4799-BA54-4A7D6A15C789}.Debug|Win32.ActiveCfg = Debug|Win32
		{F627FDC8-93FB-4799-BA54-4A7D6A15C789}.Debug|Win32.Build.0 = Debug|Win32
		{F627FDC8-93FB-4799-BA54-4A7D6A15C789}.Debug|x64.ActiveCfg = Debug|x64
		{F627FDC8-93FB-4799-BA54-4A7D6A15C789}.Debug|x64.Build.0 = Debug|x64
		{F627FDC8-93FB-4799-BA54-4A7D6A15C789}.Release|Win32.ActiveCfg = Release|Win32
		{F627FDC8-93FB-4799-BA54-4A7D6A15C789}.Release|Win32.Build.0 = Release|Win32
		{F627FDC8-93FB-4799-BA54-4A7D6A15C789}.Release|x64.ActiveCfg = Release|x64
		{F627FDC8-93FB-4799-BA54-4A7D6A15C789}.Release|x64.Build.0 = Release|x64
		{00F2C82E-4C51-40D5-918E-FACD10B510B6}.Debug|Win32.ActiveCfg = Debug|Win32
		{00F2C82E-4C51-40D5-918E-FACD10B510B6}.Debug|Win32.Build.0 = Debug|Win32
		{00F2C82E-4C51-40D5-918E-FACD10B510B6}.Debug|x64.ActiveCfg = Debug|x64
		{00F2C82E-4C51-40D5-918E-FACD10B510B6}.Debug|x64.Build.0 = Debug|x64
		{00F2C82E-4C51-40D5-918E-FACD10B510B6}.Release|Win32.ActiveCfg = Release|Win32
		{00F2C82E-4C51-40D5-918E-FACD10B510B6}.Release|Win32.Build.0 = Release|Win32
		{00F2C82E-4C51-40D5-918E-FACD10B510B6}.Release|x64.ActiveCfg = Release|x64
		{00F2C82E-4C51-40D5-918E-FACD10B510B6}.Release|x64.Build.0 = Release|x64
		{C64F7E38-A2E0-4288-A3ED-4113CE2BCDD4}.Debug|Win32.ActiveCfg = Debug|Win32
		{C64F7E38-A2E0-4288-A3ED-4113CE2BCDD4}.Debug|Win32.Build.0 = Debug|Win32
		{C64F7E38-A2E0-4288-A3ED-4113CE2BCDD4}.Debug|x64.ActiveCfg = Debug|x64
		{C64F7E38-A2E0-4288-A3ED-4113CE2BCDD4}.Debug|x64.Build.0 = Debug|x64
		{C64F7E38-A2E0-4288-A3ED-4113CE2BCDD4}.Release|Win32.ActiveCfg = Release|Win32
		{C64F7E38-A2E0-4288-A3ED-4113CE2BCDD4}.Release|Win32.Build.0 = Release|Win32
		{C64F7E38-A2E0-4288-A3ED-4113CE2BCDD4}.Release|x64.ActiveCfg = Release|x64
		{C64F7E38-A2E0-4288-A3ED-4113CE2BCDD4}.Release|x64.Build.0 = Release|x64
		{C5E2A088-C1DB-4C6E-AD50-418D46E53C39}.Debug|Win32.ActiveCfg = Debug|Win32
		{C5E2A088-C1DB-4C6E-AD50-418D46E53C39}.Debug|Win32.Build.0 = Debug|Win32
		{C5E2A088-C1DB-4C6E-AD50-418D46E53C39}.Debug|x64.ActiveCfg = Debug|x64
		{C5E2A088-C1DB-4C6E-AD50-418D46E53C39}.Debug|x64.Build.0 = Debug|x64
		{C5E2A088-C1DB-4C6E-AD50-418D46E53C39}.Release|Win32.ActiveCfg = Release|Win32
		{C5E2A088-C1DB-4C6E-AD50-418D46E53C39}.Release|Win32.Build.0 = Release|Win32
		{C5E2A088-C1DB-4C6E-AD50-418D46E53C39}.Release|x64.ActiveCfg = Release|x64
		{C5E2A088-C1DB-4C6E-AD50-418D46E53C39}.Release|x64.Build.0 = Release|x64
		{F74E43E5-F6C0-45E5-BA8D-F292C236E94E}.Debug|Win32.ActiveCfg = Debug|Win32
		{F74E43E5-F6C0-45E5-BA8D-F292C236E94E}.Debug|Win32.Build.0 = Debug|Win32
		{F74E43E5-F6C0-45E5-BA8D-F292C236E94E}.Debug|x64.ActiveCfg = Debug|x64
		{F74E43E5-F6C0-45E5-BA8D-F292C236E94E}.Debug|x64.Build.0 = Debug|x64
		{F74E43E5-F6C0-45E5-BA8D-F292C236E94E}.Release|Win32.ActiveCfg = Release|Win32
		{F74E43E5-F6C0-45E5-BA8D-F292C236E94E}.Release|Win32.Build.0 = Release|Win32
		{F74E43E5-F6C0-45E5-BA8D-F292C236E94E}.Release|x64.ActiveCfg = Release|x64
		{F74E43E5-F6C0-45E5-BA8D-F292C236E94E}.Release|x64.Build.0 = Release|x64
		{9B3755CD-839A-4CCC-87F4-D1FB24EF9C52}.Debug|Win32.ActiveCfg = Debug|Win32
		{9B3755CD-839A-4CCC-87F4-D1FB24EF9C52}.Debug|Win32.Build.0 = Debug|Win32
		{9B3755CD-839A-4CCC-87F4-D1FB24EF9C52}.Debug|x64.ActiveCfg = Debug|x64
		{9B3755CD-839A-4CCC-87F4-D1FB24EF9C52}.Debug|x64.Build.0 = Debug|x64
		{9B3755CD-839A-4CCC-87F4-D1FB24EF9C52}.Release|Win32.ActiveCfg = Release|Win32
		{9B3755CD-839A-4CCC-87F4-D1FB24EF9C52}.Release|Win32.Build.0 = Release|Win32
		{9B3755CD-839A-4CCC-87F4-D1FB24EF9C52}.Release|x64.ActiveCfg = Release|x64
		{9B3755CD-839A-4CCC-87F4-D1FB24EF9C52}.Release|x64.Build.0 = Release|x64
		{B2FAF5B8-3AB3-44A1-B82E-5E2B7BCCC234}.Debug|Win32.ActiveCfg = Debug|Win32
		{B2FAF5B8-3AB3-44A1-B82E-5E2B7BCCC234}.Debug|Win32.Build.0 = Debug|Win32
		{B2FAF5B8-3AB3-44A1-B82E-5E2B7BCCC234}.Debug|x64.ActiveCfg = Debug|x64
		{B2FAF5B8-3AB3-44A1-B82E-5E2B7BCCC234}.Debug|x64.Build.0 = Debug|x64
		{B2FAF5B8-3AB3-44A1-B82E-5E2B7BCCC234}.Release|Win32.ActiveCfg = Release|Win32
		{B2FAF5B8-3AB3-44A1-B82E-5E2B7BCCC234}.Release|Win32.Build.0 = Release|Win32
		{B2FAF5B8-3AB3-44A1-B82E-5E2B7BCCC234}.Release|x64.ActiveCfg = Release|x64
		{B2FAF5B8-3AB3-44A1-B82E-5E2B7BCCC234}.Release|x64.Build.0 = Release|x64
		{B7B04601-0B3E-4BD8-9118-11FA249E54CF}.Debug|Win32.ActiveCfg = Debug|Win32
		{B7B04601-0B3E-4BD8-9118-11FA249E54CF}.Debug|Win32.Build.0 = Debug|Win32
		{B7B04601-0B3E-4BD8-9118-11FA249E54CF}.Debug|x64.ActiveCfg = Debug|x64
		{B7B04601-0B3E-4BD8-9118-11FA249E54CF}.Debug|x64.Build.0 = Debug|x64
		{B7B04601-0B3E-4BD8-9118-11FA249E54CF}.Release|Win32.ActiveCfg = Release|Win32
		{B7B04601-0B3E-4BD8-9118-11FA249E54CF}.Release|Win32.Build.0 = Release|Win32
		{B7B04601-0B3E-4BD8-9118-11FA249E54CF}.Release|x64.ActiveCfg = Release|x64
		{B7B04601-0B3E-4BD8-9118-11FA249E54CF}.Release|x64.Build.0 = Release|x64
		{55A0CE15-0F84-41D6-848F-5DC08D3EC0DC}.Debug|Win32.ActiveCfg = Debug|Win32
		{55A0CE15-0F84-41D6-848F-5DC08D3EC0DC}.Debug|Win32.Build.0 = Debug|Win32
		{55A0CE15-0F84-41D6-848F-5DC08D3EC0DC}.Debug|x64.ActiveCfg = Debug|x64
		{55A0CE15-0F84-41D6-848F-5DC08D3EC0DC}.Debug|x64.Build.0 = Debug|x64
		{55A0CE15-0F84-41D6-848F-5DC08D3EC0DC}.Release|Win32.ActiveCfg = Release|Win32
		{55A0CE15-0F84-41D6-848F-5DC08D3EC0DC}.Release|Win32.Build.0 = Release|Win32
		{55A0CE15-0F84-41D6-848F-5DC08D3EC0DC}.Release|x64.ActiveCfg = Release|x64
		{55A0CE15-0F84-41D6-848F-5DC08D3EC0DC}.Release|x64.Build.0 = Release|x64
		{D1A6F06B-0EAE-464A-B6F9-11E1A138362E}.Debug|Win32.ActiveCfg = Debug|Win32
		{D1A6F06B-0EAE-464A-B6F9-11E1A138362E}.Debug|Win32.Build.0 = Debug|Win32
		{D1A6F06B-0EAE-464A-B6F9-11E1A138362E}.Debug|x64.ActiveCfg = Debug|x64
		{D1A6F06B-0EAE-464A-B6F9-11E1A138362E}.Debug|x64.Build.0 = Debug|x64
		{D1A6F06B-0EAE-464A-B6F9-11E1A138362E}.Release|Win32.ActiveCfg = Release|Win32
		{D1A6F06B-0EAE-464A-B6F9-11E1A138362E}.Release|Win32.Build.0 = Release|Win32
		{D1A6F06B-0EAE-464A-B6F9-11E1A138362E}.Release|x64.ActiveCfg = Release|x64
		{D1A6F06B-0EAE-464A-B6F9-11E1A138362E}.Release|x64.Build.0 = Release|x64
		{4209CA89-22E6-4DE5-BF68-9AC7E7CFA79E}.Debug|Win32.ActiveCfg = Debug|Win32
		{4209CA89-22E6-4DE5-BF68-9AC7E7CFA79E}.Debug|Win32.Build.0 = Debug|Win32
		{4209CA89-22E6-4DE5-BF68-9AC7E7CFA79E}.Debug|x64.ActiveCfg = Debug|x64
		{4209CA89-22E6-4DE5-BF68-9AC7E7CFA79E}.Debug|x64.Build.0 = Debug|x64
		{4209CA89-22E6-4DE5-BF68-9AC7E7CFA79E}.Release|Win32.ActiveCfg = Release|Win32
		{4209CA89-22E6-4DE5-BF68-9AC7E7CFA79E}.Release|Win32.Build.0 = Release|Win32
		{4209CA89-22E6-4DE5-BF68-9AC7E7CFA79E}.Release|x64.ActiveCfg = Release|x64
		{4209CA89-22E6-4DE5-BF68-9AC7E7CFA79E}.Release|x64.Build.0 = Release|x64
		{7AB48B01-CA7B-4266-8CDC-F73D93DD13A5}.Debug|Win32.ActiveCfg = Debug|Win32
		{7AB48B01-CA7B-4266-8CDC-F73D93DD13A5}.Debug|Win32.Build.0 = Debug|Win32
		{7AB48B01-CA7B-4266-8CDC-F73D93DD13A5}.Debug|x64.ActiveCfg = Debug|x64
		{7AB48B01-CA7B-4266-8CDC-F73D93DD13A5}.Debug|x64.Build.0 = Debug|x64
		{7AB48B01-CA7B-4266-8CDC-F73D93DD13A5}.Release|Win32.ActiveCfg = Release|Win32
		{7AB48B01-CA7B-4266-8CDC-F73D93DD13A5}.Release|Win32.Build.0 = Release|Win32
		{7AB48B01-CA7B-4266-8CDC-F73D93DD13A5}.Release|x64.ActiveCfg = Release|x64
		{7AB48B01-CA7B-4266-8CDC-F73D93DD13A5}.Release|x64.Build.0 = Release|x64
		{37EF1FDE-B166-4427-B0A0-EDFE2AF3A7D9}.Debug|Win32.ActiveCfg = Debug|Win32
		{37EF1FDE-B166-4427-B0A0-EDFE2AF3A7D9}.Debug|Win32.Build.0 = Debug|Win32
		{37EF1FDE-B166-4427-B0A0-EDFE2AF3A7D9}.Debug|x64.ActiveCfg = Debug|x64
		{37EF1FDE-B166-4427-B0A0-EDFE2AF3A7D9}.Debug|x64.Build.0 = Debug|x64
		{37EF1FDE-B166-4427-B0A0-EDFE2AF3A7D9}.Release|Win32.ActiveCfg = Release|Win32
		{37EF1FDE-B166-4427-B0A0-EDFE2AF3A7D9}.Release|Win32.Build.0 = Release|Win32
		{37EF1FDE-B166-4427-B0A0-EDFE2AF3A7D9}.Release|x64.ActiveCfg = Release|x64
		{37EF1FDE-B166-4427-B0A0-EDFE2AF3A7D9}.Release|x64.Build.0 = Release|x64
		{0EBE3E92-FD46-44E3-8239-5465F6DD4C3D}.Debug|Win32.ActiveCfg = Debug|Win32
		{0EBE3E92-FD46-44E3-8239-5465F6DD4C3D}.Debug|Win32.Build.0 = Debug|Win32
		{0EBE3E92-FD46-44E3-8239-5465F6DD4C3D}.Debug|x64.ActiveCfg = Debug|x64
		{0EBE3E92-FD46-44E3-8239-5465F6DD4C3D}.Debug|x64.Build.0 = Debug|x64
		{0EBE3E92-FD46-44E3-8239-5465F6DD4C3D}.Release|Win32.ActiveCfg = Release|Win32
		{0EBE3E92-FD46-44E3-8239-5465F6DD4C3D}.Release|Win32.Build.0 = Release|Win32
		{0EBE3E92-FD46-44E3-8239-5465F6DD4C3D}.Release|x64.ActiveCfg = Release|x64
		{0EBE3E92-FD46-44E3-8239-5465F6DD4C3D}.Release|x64.Build.0 = Release|x64
		{05B279C0-5013-4033-B863-EF9E471C0B04}.Debug|Win32.ActiveCfg = Debug|Win32
		{05B279C0-5013-4033-B863-EF9E471C0B04}.Debug|Win32.Build.0 = Debug|Win32
		{05B279C0-5013-4033-B863-EF9E471C0B04}.Debug|x64.ActiveCfg = Debug|x64
		{05B279C0-5013-4033-B863-EF9E471C0B04}.Debug|x64.Build.0 = Debug|x64
		{05B279C0-5013-4033-B863-EF9E471C0B04}.Release|Win32.ActiveCfg = Release|Win32
		{05B279C0-5013-4033-B863-EF9E471C0B04}.Release|Win32.Build.0 = Release|Win32
		{05B279C0-5013-4033-B863-EF9E471C0B04}.Release|x64.ActiveCfg = Release|x64
		{05B279C0-5013-4033-B863-EF9E471C0B04}.Release|x64.Build.0 = Release|x64
	EndGlobalSection
	GlobalSection(SolutionProperties) = preSolution
		HideSolutionNode = FALSE
	EndGlobalSection
EndGlobal
