Microsoft Visual Studio Solution File, Format Version 11.00
# Visual Studio 2010
Project("{8BC9CEB8-8B4A-11D0-8D11-00A0C91BC942}") = "liatools", "wincfg\liatools_2010.vcxproj", "{58F6758A-8596-4F29-B977-78CB83BE5FF9}"
EndProject
Project("{8BC9CEB8-8B4A-11D0-8D11-00A0C91BC942}") = "IvNorm", "wincfg\IvNorm_2010.vcxproj", "{D68ACA43-B327-44E6-B0DC-018937550563}"
	ProjectSection(ProjectDependencies) = postProject
		{58F6758A-8596-4F29-B977-78CB83BE5FF9} = {58F6758A-8596-4F29-B977-78CB83BE5FF9}
	EndProjectSection
EndProject
Project("{8BC9CEB8-8B4A-11D0-8D11-00A0C91BC942}") = "ComputeNorm", "wincfg\ComputeNorm_2010.vcxproj", "{D037A55A-3D77-4EB1-9E4C-25D69CD9F1F2}"
	ProjectSection(ProjectDependencies) = postProject
		{58F6758A-8596-4F29-B977-78CB83BE5FF9} = {58F6758A-8596-4F29-B977-78CB83BE5FF9}
	EndProjectSection
EndProject
Project("{8BC9CEB8-8B4A-11D0-8D11-00A0C91BC942}") = "ComputeTest", "wincfg\ComputeTest_2010.vcxproj", "{294401F4-1E7F-41ED-BC4D-1AFD973116A3}"
	ProjectSection(ProjectDependencies) = postProject
		{58F6758A-8596-4F29-B977-78CB83BE5FF9} = {58F6758A-8596-4F29-B977-78CB83BE5FF9}
	EndProjectSection
EndProject
Project("{8BC9CEB8-8B4A-11D0-8D11-00A0C91BC942}") = "EigenChannel", "wincfg\EigenChannel_2010.vcxproj", "{0A01E4A9-25C3-412B-87BA-6884EC93137B}"
	ProjectSection(ProjectDependencies) = postProject
		{58F6758A-8596-4F29-B977-78CB83BE5FF9} = {58F6758A-8596-4F29-B977-78CB83BE5FF9}
	EndProjectSection
EndProject
Project("{8BC9CEB8-8B4A-11D0-8D11-00A0C91BC942}") = "EigenVoice", "wincfg\EigenVoice_2010.vcxproj", "{D81D0C74-4D52-4C59-A7F0-6342D2E0F934}"
	ProjectSection(ProjectDependencies) = postProject
		{58F6758A-8596-4F29-B977-78CB83BE5FF9} = {58F6758A-8596-4F29-B977-78CB83BE5FF9}
	EndProjectSection
EndProject
Project("{8BC9CEB8-8B4A-11D0-8D11-00A0C91BC942}") = "EnergyDetector", "wincfg\EnergyDetector_2010.vcxproj", "{F475577F-D6BC-42A6-85D7-ABAE37EF5D4C}"
	ProjectSection(ProjectDependencies) = postProject
		{58F6758A-8596-4F29-B977-78CB83BE5FF9} = {58F6758A-8596-4F29-B977-78CB83BE5FF9}
	EndProjectSection
EndProject
Project("{8BC9CEB8-8B4A-11D0-8D11-00A0C91BC942}") = "EstimateDMatrix", "wincfg\EstimateDMatrix_2010.vcxproj", "{F4181BAD-11E3-42F4-92DA-57F3CF7F534A}"
	ProjectSection(ProjectDependencies) = postProject
		{58F6758A-8596-4F29-B977-78CB83BE5FF9} = {58F6758A-8596-4F29-B977-78CB83BE5FF9}
	EndProjectSection
EndProject
Project("{8BC9CEB8-8B4A-11D0-8D11-00A0C91BC942}") = "NormFeat", "wincfg\NormFeat_2010.vcxproj", "{5BB5D111-0541-48DE-AE49-ECCC48E8EFB2}"
	ProjectSection(ProjectDependencies) = postProject
		{58F6758A-8596-4F29-B977-78CB83BE5FF9} = {58F6758A-8596-4F29-B977-78CB83BE5FF9}
	EndProjectSection
EndProject
Project("{8BC9CEB8-8B4A-11D0-8D11-00A0C91BC942}") = "NormFeatWindowMode", "wincfg\NormFeatWindowMode_2010.vcxproj", "{07B0F33D-BD76-4274-8B6E-B6B9AF35194A}"
	ProjectSection(ProjectDependencies) = postProject
		{58F6758A-8596-4F29-B977-78CB83BE5FF9} = {58F6758A-8596-4F29-B977-78CB83BE5FF9}
	EndProjectSection
EndProject
Project("{8BC9CEB8-8B4A-11D0-8D11-00A0C91BC942}") = "PLDA", "wincfg\PLDA_2010.vcxproj", "{E9E3E971-1CF7-4C15-947E-B55E3D86607C}"
	ProjectSection(ProjectDependencies) = postProject
		{58F6758A-8596-4F29-B977-78CB83BE5FF9} = {58F6758A-8596-4F29-B977-78CB83BE5FF9}
	EndProjectSection
EndProject
Project("{8BC9CEB8-8B4A-11D0-8D11-00A0C91BC942}") = "ShiftedDeltaFeat", "wincfg\ShiftedDeltaFeat_2010.vcxproj", "{131C4F40-2DE9-41C7-9416-8F4D8BCA43C9}"
	ProjectSection(ProjectDependencies) = postProject
		{58F6758A-8596-4F29-B977-78CB83BE5FF9} = {58F6758A-8596-4F29-B977-78CB83BE5FF9}
	EndProjectSection
EndProject
Project("{8BC9CEB8-8B4A-11D0-8D11-00A0C91BC942}") = "SpkAdapt", "wincfg\SpkAdapt_2010.vcxproj", "{7E513275-1830-4097-8FA1-D632120AE05B}"
	ProjectSection(ProjectDependencies) = postProject
		{58F6758A-8596-4F29-B977-78CB83BE5FF9} = {58F6758A-8596-4F29-B977-78CB83BE5FF9}
	EndProjectSection
EndProject
Project("{8BC9CEB8-8B4A-11D0-8D11-00A0C91BC942}") = "TotalVariability", "wincfg\TotalVariability_2010.vcxproj", "{48714259-433D-4B0A-B439-123B7B174586}"
	ProjectSection(ProjectDependencies) = postProject
		{58F6758A-8596-4F29-B977-78CB83BE5FF9} = {58F6758A-8596-4F29-B977-78CB83BE5FF9}
	EndProjectSection
EndProject
Project("{8BC9CEB8-8B4A-11D0-8D11-00A0C91BC942}") = "TrainTarget", "wincfg\TrainTarget_2010.vcxproj", "{01064AF3-0E51-4C16-A47F-4403B551878A}"
	ProjectSection(ProjectDependencies) = postProject
		{58F6758A-8596-4F29-B977-78CB83BE5FF9} = {58F6758A-8596-4F29-B977-78CB83BE5FF9}
	EndProjectSection
EndProject
Project("{8BC9CEB8-8B4A-11D0-8D11-00A0C91BC942}") = "TrainWorld", "wincfg\TrainWorld_2010.vcxproj", "{995E0068-60CA-4378-A6AC-DB2FCCD70DA3}"
	ProjectSection(ProjectDependencies) = postProject
		{58F6758A-8596-4F29-B977-78CB83BE5FF9} = {58F6758A-8596-4F29-B977-78CB83BE5FF9}
	EndProjectSection
EndProject
Project("{8BC9CEB8-8B4A-11D0-8D11-00A0C91BC942}") = "ComputeJFAStats", "wincfg\ComputeJFAStats_2010.vcxproj", "{3573A0B6-7818-4153-8F64-66BCA353CE42}"
	ProjectSection(ProjectDependencies) = postProject
		{58F6758A-8596-4F29-B977-78CB83BE5FF9} = {58F6758A-8596-4F29-B977-78CB83BE5FF9}
	EndProjectSection
EndProject
Project("{8BC9CEB8-8B4A-11D0-8D11-00A0C91BC942}") = "ExtractParams", "wincfg\ExtractParams_2010.vcxproj", "{7B34EC79-845C-40C5-8DE8-2E232B804FE7}"
	ProjectSection(ProjectDependencies) = postProject
		{58F6758A-8596-4F29-B977-78CB83BE5FF9} = {58F6758A-8596-4F29-B977-78CB83BE5FF9}
	EndProjectSection
EndProject
Project("{8BC9CEB8-8B4A-11D0-8D11-00A0C91BC942}") = "FusionScore", "wincfg\FusionScore_2010.vcxproj", "{5E450EAB-05CC-46B2-AEFB-BD8BBE2B0DCA}"
	ProjectSection(ProjectDependencies) = postProject
		{58F6758A-8596-4F29-B977-78CB83BE5FF9} = {58F6758A-8596-4F29-B977-78CB83BE5FF9}
	EndProjectSection
EndProject
Project("{8BC9CEB8-8B4A-11D0-8D11-00A0C91BC942}") = "Hist", "wincfg\Hist_2010.vcxproj", "{63C9CB4C-91D1-4921-9F6B-D7375DEAF1D1}"
	ProjectSection(ProjectDependencies) = postProject
		{58F6758A-8596-4F29-B977-78CB83BE5FF9} = {58F6758A-8596-4F29-B977-78CB83BE5FF9}
	EndProjectSection
EndProject
Project("{8BC9CEB8-8B4A-11D0-8D11-00A0C91BC942}") = "LabelFusion", "wincfg\LabelFusion_2010.vcxproj", "{F567C35C-A702-4E66-89C0-A87F18B5AC0E}"
	ProjectSection(ProjectDependencies) = postProject
		{58F6758A-8596-4F29-B977-78CB83BE5FF9} = {58F6758A-8596-4F29-B977-78CB83BE5FF9}
	EndProjectSection
EndProject
Project("{8BC9CEB8-8B4A-11D0-8D11-00A0C91BC942}") = "ModelToSv", "wincfg\ModelToSv_2010.vcxproj", "{6D7B33D7-D2EC-4FBD-9C69-765462B6616E}"
	ProjectSection(ProjectDependencies) = postProject
		{58F6758A-8596-4F29-B977-78CB83BE5FF9} = {58F6758A-8596-4F29-B977-78CB83BE5FF9}
	EndProjectSection
EndProject
Project("{8BC9CEB8-8B4A-11D0-8D11-00A0C91BC942}") = "NAPSV", "wincfg\NAPSV_2010.vcxproj", "{1ED94F83-4974-4A9A-B450-2F22A966AA0C}"
	ProjectSection(ProjectDependencies) = postProject
		{58F6758A-8596-4F29-B977-78CB83BE5FF9} = {58F6758A-8596-4F29-B977-78CB83BE5FF9}
	EndProjectSection
EndProject
Project("{8BC9CEB8-8B4A-11D0-8D11-00A0C91BC942}") = "PolyExp", "wincfg\PolyExp_2010.vcxproj", "{8FF47281-648B-46DB-8225-0480C71EA293}"
	ProjectSection(ProjectDependencies) = postProject
		{58F6758A-8596-4F29-B977-78CB83BE5FF9} = {58F6758A-8596-4F29-B977-78CB83BE5FF9}
	EndProjectSection
EndProject
Project("{8BC9CEB8-8B4A-11D0-8D11-00A0C91BC942}") = "ReadFeatFile", "wincfg\ReadFeatFile_2010.vcxproj", "{8084C616-A791-4938-81E5-4C1BC900AE03}"
	ProjectSection(ProjectDependencies) = postProject
		{58F6758A-8596-4F29-B977-78CB83BE5FF9} = {58F6758A-8596-4F29-B977-78CB83BE5FF9}
	EndProjectSection
EndProject
Project("{8BC9CEB8-8B4A-11D0-8D11-00A0C91BC942}") = "ReadModel", "wincfg\ReadModel_2010.vcxproj", "{914CCCD4-B242-4477-8002-EA658696EB9F}"
	ProjectSection(ProjectDependencies) = postProject
		{58F6758A-8596-4F29-B977-78CB83BE5FF9} = {58F6758A-8596-4F29-B977-78CB83BE5FF9}
	EndProjectSection
EndProject
Project("{8BC9CEB8-8B4A-11D0-8D11-00A0C91BC942}") = "ScoreWarp", "wincfg\ScoreWarp_2010.vcxproj", "{F8D3A685-663B-44EC-861C-5C3BB29BE319}"
	ProjectSection(ProjectDependencies) = postProject
		{58F6758A-8596-4F29-B977-78CB83BE5FF9} = {58F6758A-8596-4F29-B977-78CB83BE5FF9}
	EndProjectSection
EndProject
Project("{8BC9CEB8-8B4A-11D0-8D11-00A0C91BC942}") = "Scoring", "wincfg\Scoring_2010.vcxproj", "{9C0C293C-677C-4652-B557-A19DF6E75BAD}"
	ProjectSection(ProjectDependencies) = postProject
		{58F6758A-8596-4F29-B977-78CB83BE5FF9} = {58F6758A-8596-4F29-B977-78CB83BE5FF9}
	EndProjectSection
EndProject
Project("{8BC9CEB8-8B4A-11D0-8D11-00A0C91BC942}") = "Svm", "wincfg\Svm_2010.vcxproj", "{ABCEC763-4A76-49F9-8E45-4D82A69B10B0}"
	ProjectSection(ProjectDependencies) = postProject
		{58F6758A-8596-4F29-B977-78CB83BE5FF9} = {58F6758A-8596-4F29-B977-78CB83BE5FF9}
	EndProjectSection
EndProject
Project("{8BC9CEB8-8B4A-11D0-8D11-00A0C91BC942}") = "TimeCluster", "wincfg\TimeCluster_2010.vcxproj", "{76FBE616-C280-49CF-B312-6FA4BEEB414B}"
	ProjectSection(ProjectDependencies) = postProject
		{58F6758A-8596-4F29-B977-78CB83BE5FF9} = {58F6758A-8596-4F29-B977-78CB83BE5FF9}
	EndProjectSection
EndProject
Project("{8BC9CEB8-8B4A-11D0-8D11-00A0C91BC942}") = "IvExtractor", "wincfg\IvExtractor_2010.vcxproj", "{7CEB6939-6DAC-49A3-BC1A-33EF19DF4E45}"
	ProjectSection(ProjectDependencies) = postProject
		{58F6758A-8596-4F29-B977-78CB83BE5FF9} = {58F6758A-8596-4F29-B977-78CB83BE5FF9}
	EndProjectSection
EndProject
Project("{8BC9CEB8-8B4A-11D0-8D11-00A0C91BC942}") = "IvTest", "wincfg\IvTest_2010.vcxproj", "{7A30AD1A-5562-4B04-8AE1-AD26F33E642E}"
	ProjectSection(ProjectDependencies) = postProject
		{58F6758A-8596-4F29-B977-78CB83BE5FF9} = {58F6758A-8596-4F29-B977-78CB83BE5FF9}
	EndProjectSection
EndProject
Global
	GlobalSection(SolutionConfigurationPlatforms) = preSolution
		Debug|Win32 = Debug|Win32
		Debug|x64 = Debug|x64
		Debug§MT|Win32 = Debug§MT|Win32
		Debug§MT|x64 = Debug§MT|x64
		Debug-MT|Win32 = Debug-MT|Win32
		Debug-MT|x64 = Debug-MT|x64
		Release|Win32 = Release|Win32
		Release|x64 = Release|x64
		Release-MT|Win32 = Release-MT|Win32
		Release-MT|x64 = Release-MT|x64
	EndGlobalSection
	GlobalSection(ProjectConfigurationPlatforms) = postSolution
		{58F6758A-8596-4F29-B977-78CB83BE5FF9}.Debug|Win32.ActiveCfg = Debug|Win32
		{58F6758A-8596-4F29-B977-78CB83BE5FF9}.Debug|Win32.Build.0 = Debug|Win32
		{58F6758A-8596-4F29-B977-78CB83BE5FF9}.Debug|x64.ActiveCfg = Debug|x64
		{58F6758A-8596-4F29-B977-78CB83BE5FF9}.Debug|x64.Build.0 = Debug|x64
		{58F6758A-8596-4F29-B977-78CB83BE5FF9}.Debug§MT|Win32.ActiveCfg = Debug§MT|Win32
		{58F6758A-8596-4F29-B977-78CB83BE5FF9}.Debug§MT|Win32.Build.0 = Debug§MT|Win32
		{58F6758A-8596-4F29-B977-78CB83BE5FF9}.Debug§MT|x64.ActiveCfg = Debug§MT|x64
		{58F6758A-8596-4F29-B977-78CB83BE5FF9}.Debug§MT|x64.Build.0 = Debug§MT|x64
		{58F6758A-8596-4F29-B977-78CB83BE5FF9}.Debug-MT|Win32.ActiveCfg = Debug-MT|Win32
		{58F6758A-8596-4F29-B977-78CB83BE5FF9}.Debug-MT|Win32.Build.0 = Debug-MT|Win32
		{58F6758A-8596-4F29-B977-78CB83BE5FF9}.Debug-MT|x64.ActiveCfg = Debug-MT|x64
		{58F6758A-8596-4F29-B977-78CB83BE5FF9}.Debug-MT|x64.Build.0 = Debug-MT|x64
		{58F6758A-8596-4F29-B977-78CB83BE5FF9}.Release|Win32.ActiveCfg = Release|Win32
		{58F6758A-8596-4F29-B977-78CB83BE5FF9}.Release|Win32.Build.0 = Release|Win32
		{58F6758A-8596-4F29-B977-78CB83BE5FF9}.Release|x64.ActiveCfg = Release|x64
		{58F6758A-8596-4F29-B977-78CB83BE5FF9}.Release|x64.Build.0 = Release|x64
		{58F6758A-8596-4F29-B977-78CB83BE5FF9}.Release-MT|Win32.ActiveCfg = Release-MT|Win32
		{58F6758A-8596-4F29-B977-78CB83BE5FF9}.Release-MT|Win32.Build.0 = Release-MT|Win32
		{58F6758A-8596-4F29-B977-78CB83BE5FF9}.Release-MT|x64.ActiveCfg = Release-MT|x64
		{58F6758A-8596-4F29-B977-78CB83BE5FF9}.Release-MT|x64.Build.0 = Release-MT|x64
		{D68ACA43-B327-44E6-B0DC-018937550563}.Debug|Win32.ActiveCfg = Debug|Win32
		{D68ACA43-B327-44E6-B0DC-018937550563}.Debug|Win32.Build.0 = Debug|Win32
		{D68ACA43-B327-44E6-B0DC-018937550563}.Debug|x64.ActiveCfg = Debug|x64
		{D68ACA43-B327-44E6-B0DC-018937550563}.Debug|x64.Build.0 = Debug|x64
		{D68ACA43-B327-44E6-B0DC-018937550563}.Debug§MT|Win32.ActiveCfg = Debug§MT|Win32
		{D68ACA43-B327-44E6-B0DC-018937550563}.Debug§MT|Win32.Build.0 = Debug§MT|Win32
		{D68ACA43-B327-44E6-B0DC-018937550563}.Debug§MT|x64.ActiveCfg = Debug§MT|x64
		{D68ACA43-B327-44E6-B0DC-018937550563}.Debug§MT|x64.Build.0 = Debug§MT|x64
		{D68ACA43-B327-44E6-B0DC-018937550563}.Debug-MT|Win32.ActiveCfg = Debug-MT|Win32
		{D68ACA43-B327-44E6-B0DC-018937550563}.Debug-MT|Win32.Build.0 = Debug-MT|Win32
		{D68ACA43-B327-44E6-B0DC-018937550563}.Debug-MT|x64.ActiveCfg = Debug-MT|x64
		{D68ACA43-B327-44E6-B0DC-018937550563}.Debug-MT|x64.Build.0 = Debug-MT|x64
		{D68ACA43-B327-44E6-B0DC-018937550563}.Release|Win32.ActiveCfg = Release|Win32
		{D68ACA43-B327-44E6-B0DC-018937550563}.Release|Win32.Build.0 = Release|Win32
		{D68ACA43-B327-44E6-B0DC-018937550563}.Release|x64.ActiveCfg = Release|x64
		{D68ACA43-B327-44E6-B0DC-018937550563}.Release|x64.Build.0 = Release|x64
		{D68ACA43-B327-44E6-B0DC-018937550563}.Release-MT|Win32.ActiveCfg = Release-MT|Win32
		{D68ACA43-B327-44E6-B0DC-018937550563}.Release-MT|Win32.Build.0 = Release-MT|Win32
		{D68ACA43-B327-44E6-B0DC-018937550563}.Release-MT|x64.ActiveCfg = Release-MT|x64
		{D68ACA43-B327-44E6-B0DC-018937550563}.Release-MT|x64.Build.0 = Release-MT|x64
		{D037A55A-3D77-4EB1-9E4C-25D69CD9F1F2}.Debug|Win32.ActiveCfg = Debug|Win32
		{D037A55A-3D77-4EB1-9E4C-25D69CD9F1F2}.Debug|Win32.Build.0 = Debug|Win32
		{D037A55A-3D77-4EB1-9E4C-25D69CD9F1F2}.Debug|x64.ActiveCfg = Debug|x64
		{D037A55A-3D77-4EB1-9E4C-25D69CD9F1F2}.Debug|x64.Build.0 = Debug|x64
		{D037A55A-3D77-4EB1-9E4C-25D69CD9F1F2}.Debug§MT|Win32.ActiveCfg = Debug§MT|Win32
		{D037A55A-3D77-4EB1-9E4C-25D69CD9F1F2}.Debug§MT|Win32.Build.0 = Debug§MT|Win32
		{D037A55A-3D77-4EB1-9E4C-25D69CD9F1F2}.Debug§MT|x64.ActiveCfg = Debug§MT|x64
		{D037A55A-3D77-4EB1-9E4C-25D69CD9F1F2}.Debug§MT|x64.Build.0 = Debug§MT|x64
		{D037A55A-3D77-4EB1-9E4C-25D69CD9F1F2}.Debug-MT|Win32.ActiveCfg = Debug-MT|Win32
		{D037A55A-3D77-4EB1-9E4C-25D69CD9F1F2}.Debug-MT|Win32.Build.0 = Debug-MT|Win32
		{D037A55A-3D77-4EB1-9E4C-25D69CD9F1F2}.Debug-MT|x64.ActiveCfg = Debug-MT|x64
		{D037A55A-3D77-4EB1-9E4C-25D69CD9F1F2}.Debug-MT|x64.Build.0 = Debug-MT|x64
		{D037A55A-3D77-4EB1-9E4C-25D69CD9F1F2}.Release|Win32.ActiveCfg = Release|Win32
		{D037A55A-3D77-4EB1-9E4C-25D69CD9F1F2}.Release|Win32.Build.0 = Release|Win32
		{D037A55A-3D77-4EB1-9E4C-25D69CD9F1F2}.Release|x64.ActiveCfg = Release|x64
		{D037A55A-3D77-4EB1-9E4C-25D69CD9F1F2}.Release|x64.Build.0 = Release|x64
		{D037A55A-3D77-4EB1-9E4C-25D69CD9F1F2}.Release-MT|Win32.ActiveCfg = Release-MT|Win32
		{D037A55A-3D77-4EB1-9E4C-25D69CD9F1F2}.Release-MT|Win32.Build.0 = Release-MT|Win32
		{D037A55A-3D77-4EB1-9E4C-25D69CD9F1F2}.Release-MT|x64.ActiveCfg = Release-MT|x64
		{D037A55A-3D77-4EB1-9E4C-25D69CD9F1F2}.Release-MT|x64.Build.0 = Release-MT|x64
		{294401F4-1E7F-41ED-BC4D-1AFD973116A3}.Debug|Win32.ActiveCfg = Debug|Win32
		{294401F4-1E7F-41ED-BC4D-1AFD973116A3}.Debug|Win32.Build.0 = Debug|Win32
		{294401F4-1E7F-41ED-BC4D-1AFD973116A3}.Debug|x64.ActiveCfg = Debug|x64
		{294401F4-1E7F-41ED-BC4D-1AFD973116A3}.Debug|x64.Build.0 = Debug|x64
		{294401F4-1E7F-41ED-BC4D-1AFD973116A3}.Debug§MT|Win32.ActiveCfg = Debug§MT|Win32
		{294401F4-1E7F-41ED-BC4D-1AFD973116A3}.Debug§MT|Win32.Build.0 = Debug§MT|Win32
		{294401F4-1E7F-41ED-BC4D-1AFD973116A3}.Debug§MT|x64.ActiveCfg = Debug§MT|x64
		{294401F4-1E7F-41ED-BC4D-1AFD973116A3}.Debug§MT|x64.Build.0 = Debug§MT|x64
		{294401F4-1E7F-41ED-BC4D-1AFD973116A3}.Debug-MT|Win32.ActiveCfg = Debug-MT|Win32
		{294401F4-1E7F-41ED-BC4D-1AFD973116A3}.Debug-MT|Win32.Build.0 = Debug-MT|Win32
		{294401F4-1E7F-41ED-BC4D-1AFD973116A3}.Debug-MT|x64.ActiveCfg = Debug-MT|x64
		{294401F4-1E7F-41ED-BC4D-1AFD973116A3}.Debug-MT|x64.Build.0 = Debug-MT|x64
		{294401F4-1E7F-41ED-BC4D-1AFD973116A3}.Release|Win32.ActiveCfg = Release|Win32
		{294401F4-1E7F-41ED-BC4D-1AFD973116A3}.Release|Win32.Build.0 = Release|Win32
		{294401F4-1E7F-41ED-BC4D-1AFD973116A3}.Release|x64.ActiveCfg = Release|x64
		{294401F4-1E7F-41ED-BC4D-1AFD973116A3}.Release|x64.Build.0 = Release|x64
		{294401F4-1E7F-41ED-BC4D-1AFD973116A3}.Release-MT|Win32.ActiveCfg = Release-MT|Win32
		{294401F4-1E7F-41ED-BC4D-1AFD973116A3}.Release-MT|Win32.Build.0 = Release-MT|Win32
		{294401F4-1E7F-41ED-BC4D-1AFD973116A3}.Release-MT|x64.ActiveCfg = Release-MT|x64
		{294401F4-1E7F-41ED-BC4D-1AFD973116A3}.Release-MT|x64.Build.0 = Release-MT|x64
		{0A01E4A9-25C3-412B-87BA-6884EC93137B}.Debug|Win32.ActiveCfg = Debug|Win32
		{0A01E4A9-25C3-412B-87BA-6884EC93137B}.Debug|Win32.Build.0 = Debug|Win32
		{0A01E4A9-25C3-412B-87BA-6884EC93137B}.Debug|x64.ActiveCfg = Debug|x64
		{0A01E4A9-25C3-412B-87BA-6884EC93137B}.Debug|x64.Build.0 = Debug|x64
		{0A01E4A9-25C3-412B-87BA-6884EC93137B}.Debug§MT|Win32.ActiveCfg = Debug§MT|Win32
		{0A01E4A9-25C3-412B-87BA-6884EC93137B}.Debug§MT|Win32.Build.0 = Debug§MT|Win32
		{0A01E4A9-25C3-412B-87BA-6884EC93137B}.Debug§MT|x64.ActiveCfg = Debug§MT|x64
		{0A01E4A9-25C3-412B-87BA-6884EC93137B}.Debug§MT|x64.Build.0 = Debug§MT|x64
		{0A01E4A9-25C3-412B-87BA-6884EC93137B}.Debug-MT|Win32.ActiveCfg = Debug-MT|Win32
		{0A01E4A9-25C3-412B-87BA-6884EC93137B}.Debug-MT|Win32.Build.0 = Debug-MT|Win32
		{0A01E4A9-25C3-412B-87BA-6884EC93137B}.Debug-MT|x64.ActiveCfg = Debug-MT|x64
		{0A01E4A9-25C3-412B-87BA-6884EC93137B}.Debug-MT|x64.Build.0 = Debug-MT|x64
		{0A01E4A9-25C3-412B-87BA-6884EC93137B}.Release|Win32.ActiveCfg = Release|Win32
		{0A01E4A9-25C3-412B-87BA-6884EC93137B}.Release|Win32.Build.0 = Release|Win32
		{0A01E4A9-25C3-412B-87BA-6884EC93137B}.Release|x64.ActiveCfg = Release|x64
		{0A01E4A9-25C3-412B-87BA-6884EC93137B}.Release|x64.Build.0 = Release|x64
		{0A01E4A9-25C3-412B-87BA-6884EC93137B}.Release-MT|Win32.ActiveCfg = Release-MT|Win32
		{0A01E4A9-25C3-412B-87BA-6884EC93137B}.Release-MT|Win32.Build.0 = Release-MT|Win32
		{0A01E4A9-25C3-412B-87BA-6884EC93137B}.Release-MT|x64.ActiveCfg = Release-MT|x64
		{0A01E4A9-25C3-412B-87BA-6884EC93137B}.Release-MT|x64.Build.0 = Release-MT|x64
		{D81D0C74-4D52-4C59-A7F0-6342D2E0F934}.Debug|Win32.ActiveCfg = Debug|Win32
		{D81D0C74-4D52-4C59-A7F0-6342D2E0F934}.Debug|Win32.Build.0 = Debug|Win32
		{D81D0C74-4D52-4C59-A7F0-6342D2E0F934}.Debug|x64.ActiveCfg = Debug|x64
		{D81D0C74-4D52-4C59-A7F0-6342D2E0F934}.Debug|x64.Build.0 = Debug|x64
		{D81D0C74-4D52-4C59-A7F0-6342D2E0F934}.Debug§MT|Win32.ActiveCfg = Debug§MT|Win32
		{D81D0C74-4D52-4C59-A7F0-6342D2E0F934}.Debug§MT|Win32.Build.0 = Debug§MT|Win32
		{D81D0C74-4D52-4C59-A7F0-6342D2E0F934}.Debug§MT|x64.ActiveCfg = Debug§MT|x64
		{D81D0C74-4D52-4C59-A7F0-6342D2E0F934}.Debug§MT|x64.Build.0 = Debug§MT|x64
		{D81D0C74-4D52-4C59-A7F0-6342D2E0F934}.Debug-MT|Win32.ActiveCfg = Debug-MT|Win32
		{D81D0C74-4D52-4C59-A7F0-6342D2E0F934}.Debug-MT|Win32.Build.0 = Debug-MT|Win32
		{D81D0C74-4D52-4C59-A7F0-6342D2E0F934}.Debug-MT|x64.ActiveCfg = Debug-MT|x64
		{D81D0C74-4D52-4C59-A7F0-6342D2E0F934}.Debug-MT|x64.Build.0 = Debug-MT|x64
		{D81D0C74-4D52-4C59-A7F0-6342D2E0F934}.Release|Win32.ActiveCfg = Release|Win32
		{D81D0C74-4D52-4C59-A7F0-6342D2E0F934}.Release|Win32.Build.0 = Release|Win32
		{D81D0C74-4D52-4C59-A7F0-6342D2E0F934}.Release|x64.ActiveCfg = Release|x64
		{D81D0C74-4D52-4C59-A7F0-6342D2E0F934}.Release|x64.Build.0 = Release|x64
		{D81D0C74-4D52-4C59-A7F0-6342D2E0F934}.Release-MT|Win32.ActiveCfg = Release-MT|Win32
		{D81D0C74-4D52-4C59-A7F0-6342D2E0F934}.Release-MT|Win32.Build.0 = Release-MT|Win32
		{D81D0C74-4D52-4C59-A7F0-6342D2E0F934}.Release-MT|x64.ActiveCfg = Release-MT|x64
		{D81D0C74-4D52-4C59-A7F0-6342D2E0F934}.Release-MT|x64.Build.0 = Release-MT|x64
		{F475577F-D6BC-42A6-85D7-ABAE37EF5D4C}.Debug|Win32.ActiveCfg = Debug|Win32
		{F475577F-D6BC-42A6-85D7-ABAE37EF5D4C}.Debug|Win32.Build.0 = Debug|Win32
		{F475577F-D6BC-42A6-85D7-ABAE37EF5D4C}.Debug|x64.ActiveCfg = Debug|x64
		{F475577F-D6BC-42A6-85D7-ABAE37EF5D4C}.Debug|x64.Build.0 = Debug|x64
		{F475577F-D6BC-42A6-85D7-ABAE37EF5D4C}.Debug§MT|Win32.ActiveCfg = Debug§MT|Win32
		{F475577F-D6BC-42A6-85D7-ABAE37EF5D4C}.Debug§MT|Win32.Build.0 = Debug§MT|Win32
		{F475577F-D6BC-42A6-85D7-ABAE37EF5D4C}.Debug§MT|x64.ActiveCfg = Debug§MT|x64
		{F475577F-D6BC-42A6-85D7-ABAE37EF5D4C}.Debug§MT|x64.Build.0 = Debug§MT|x64
		{F475577F-D6BC-42A6-85D7-ABAE37EF5D4C}.Debug-MT|Win32.ActiveCfg = Debug-MT|Win32
		{F475577F-D6BC-42A6-85D7-ABAE37EF5D4C}.Debug-MT|Win32.Build.0 = Debug-MT|Win32
		{F475577F-D6BC-42A6-85D7-ABAE37EF5D4C}.Debug-MT|x64.ActiveCfg = Debug-MT|x64
		{F475577F-D6BC-42A6-85D7-ABAE37EF5D4C}.Debug-MT|x64.Build.0 = Debug-MT|x64
		{F475577F-D6BC-42A6-85D7-ABAE37EF5D4C}.Release|Win32.ActiveCfg = Release|Win32
		{F475577F-D6BC-42A6-85D7-ABAE37EF5D4C}.Release|Win32.Build.0 = Release|Win32
		{F475577F-D6BC-42A6-85D7-ABAE37EF5D4C}.Release|x64.ActiveCfg = Release|x64
		{F475577F-D6BC-42A6-85D7-ABAE37EF5D4C}.Release|x64.Build.0 = Release|x64
		{F475577F-D6BC-42A6-85D7-ABAE37EF5D4C}.Release-MT|Win32.ActiveCfg = Release-MT|Win32
		{F475577F-D6BC-42A6-85D7-ABAE37EF5D4C}.Release-MT|Win32.Build.0 = Release-MT|Win32
		{F475577F-D6BC-42A6-85D7-ABAE37EF5D4C}.Release-MT|x64.ActiveCfg = Release-MT|x64
		{F475577F-D6BC-42A6-85D7-ABAE37EF5D4C}.Release-MT|x64.Build.0 = Release-MT|x64
		{F4181BAD-11E3-42F4-92DA-57F3CF7F534A}.Debug|Win32.ActiveCfg = Debug|Win32
		{F4181BAD-11E3-42F4-92DA-57F3CF7F534A}.Debug|Win32.Build.0 = Debug|Win32
		{F4181BAD-11E3-42F4-92DA-57F3CF7F534A}.Debug|x64.ActiveCfg = Debug|x64
		{F4181BAD-11E3-42F4-92DA-57F3CF7F534A}.Debug|x64.Build.0 = Debug|x64
		{F4181BAD-11E3-42F4-92DA-57F3CF7F534A}.Debug§MT|Win32.ActiveCfg = Debug§MT|Win32
		{F4181BAD-11E3-42F4-92DA-57F3CF7F534A}.Debug§MT|Win32.Build.0 = Debug§MT|Win32
		{F4181BAD-11E3-42F4-92DA-57F3CF7F534A}.Debug§MT|x64.ActiveCfg = Debug§MT|x64
		{F4181BAD-11E3-42F4-92DA-57F3CF7F534A}.Debug§MT|x64.Build.0 = Debug§MT|x64
		{F4181BAD-11E3-42F4-92DA-57F3CF7F534A}.Debug-MT|Win32.ActiveCfg = Debug-MT|Win32
		{F4181BAD-11E3-42F4-92DA-57F3CF7F534A}.Debug-MT|Win32.Build.0 = Debug-MT|Win32
		{F4181BAD-11E3-42F4-92DA-57F3CF7F534A}.Debug-MT|x64.ActiveCfg = Debug-MT|x64
		{F4181BAD-11E3-42F4-92DA-57F3CF7F534A}.Debug-MT|x64.Build.0 = Debug-MT|x64
		{F4181BAD-11E3-42F4-92DA-57F3CF7F534A}.Release|Win32.ActiveCfg = Release|Win32
		{F4181BAD-11E3-42F4-92DA-57F3CF7F534A}.Release|Win32.Build.0 = Release|Win32
		{F4181BAD-11E3-42F4-92DA-57F3CF7F534A}.Release|x64.ActiveCfg = Release|x64
		{F4181BAD-11E3-42F4-92DA-57F3CF7F534A}.Release|x64.Build.0 = Release|x64
		{F4181BAD-11E3-42F4-92DA-57F3CF7F534A}.Release-MT|Win32.ActiveCfg = Release-MT|Win32
		{F4181BAD-11E3-42F4-92DA-57F3CF7F534A}.Release-MT|Win32.Build.0 = Release-MT|Win32
		{F4181BAD-11E3-42F4-92DA-57F3CF7F534A}.Release-MT|x64.ActiveCfg = Release-MT|x64
		{F4181BAD-11E3-42F4-92DA-57F3CF7F534A}.Release-MT|x64.Build.0 = Release-MT|x64
		{5BB5D111-0541-48DE-AE49-ECCC48E8EFB2}.Debug|Win32.ActiveCfg = Debug|Win32
		{5BB5D111-0541-48DE-AE49-ECCC48E8EFB2}.Debug|Win32.Build.0 = Debug|Win32
		{5BB5D111-0541-48DE-AE49-ECCC48E8EFB2}.Debug|x64.ActiveCfg = Debug|x64
		{5BB5D111-0541-48DE-AE49-ECCC48E8EFB2}.Debug|x64.Build.0 = Debug|x64
		{5BB5D111-0541-48DE-AE49-ECCC48E8EFB2}.Debug§MT|Win32.ActiveCfg = Debug§MT|Win32
		{5BB5D111-0541-48DE-AE49-ECCC48E8EFB2}.Debug§MT|Win32.Build.0 = Debug§MT|Win32
		{5BB5D111-0541-48DE-AE49-ECCC48E8EFB2}.Debug§MT|x64.ActiveCfg = Debug§MT|x64
		{5BB5D111-0541-48DE-AE49-ECCC48E8EFB2}.Debug§MT|x64.Build.0 = Debug§MT|x64
		{5BB5D111-0541-48DE-AE49-ECCC48E8EFB2}.Debug-MT|Win32.ActiveCfg = Debug-MT|Win32
		{5BB5D111-0541-48DE-AE49-ECCC48E8EFB2}.Debug-MT|Win32.Build.0 = Debug-MT|Win32
		{5BB5D111-0541-48DE-AE49-ECCC48E8EFB2}.Debug-MT|x64.ActiveCfg = Debug-MT|x64
		{5BB5D111-0541-48DE-AE49-ECCC48E8EFB2}.Debug-MT|x64.Build.0 = Debug-MT|x64
		{5BB5D111-0541-48DE-AE49-ECCC48E8EFB2}.Release|Win32.ActiveCfg = Release|Win32
		{5BB5D111-0541-48DE-AE49-ECCC48E8EFB2}.Release|Win32.Build.0 = Release|Win32
		{5BB5D111-0541-48DE-AE49-ECCC48E8EFB2}.Release|x64.ActiveCfg = Release|x64
		{5BB5D111-0541-48DE-AE49-ECCC48E8EFB2}.Release|x64.Build.0 = Release|x64
		{5BB5D111-0541-48DE-AE49-ECCC48E8EFB2}.Release-MT|Win32.ActiveCfg = Release-MT|Win32
		{5BB5D111-0541-48DE-AE49-ECCC48E8EFB2}.Release-MT|Win32.Build.0 = Release-MT|Win32
		{5BB5D111-0541-48DE-AE49-ECCC48E8EFB2}.Release-MT|x64.ActiveCfg = Release-MT|x64
		{5BB5D111-0541-48DE-AE49-ECCC48E8EFB2}.Release-MT|x64.Build.0 = Release-MT|x64
		{07B0F33D-BD76-4274-8B6E-B6B9AF35194A}.Debug|Win32.ActiveCfg = Debug|Win32
		{07B0F33D-BD76-4274-8B6E-B6B9AF35194A}.Debug|Win32.Build.0 = Debug|Win32
		{07B0F33D-BD76-4274-8B6E-B6B9AF35194A}.Debug|x64.ActiveCfg = Debug|x64
		{07B0F33D-BD76-4274-8B6E-B6B9AF35194A}.Debug|x64.Build.0 = Debug|x64
		{07B0F33D-BD76-4274-8B6E-B6B9AF35194A}.Debug§MT|Win32.ActiveCfg = Debug§MT|Win32
		{07B0F33D-BD76-4274-8B6E-B6B9AF35194A}.Debug§MT|Win32.Build.0 = Debug§MT|Win32
		{07B0F33D-BD76-4274-8B6E-B6B9AF35194A}.Debug§MT|x64.ActiveCfg = Debug§MT|x64
		{07B0F33D-BD76-4274-8B6E-B6B9AF35194A}.Debug§MT|x64.Build.0 = Debug§MT|x64
		{07B0F33D-BD76-4274-8B6E-B6B9AF35194A}.Debug-MT|Win32.ActiveCfg = Debug-MT|Win32
		{07B0F33D-BD76-4274-8B6E-B6B9AF35194A}.Debug-MT|Win32.Build.0 = Debug-MT|Win32
		{07B0F33D-BD76-4274-8B6E-B6B9AF35194A}.Debug-MT|x64.ActiveCfg = Debug-MT|x64
		{07B0F33D-BD76-4274-8B6E-B6B9AF35194A}.Debug-MT|x64.Build.0 = Debug-MT|x64
		{07B0F33D-BD76-4274-8B6E-B6B9AF35194A}.Release|Win32.ActiveCfg = Release|Win32
		{07B0F33D-BD76-4274-8B6E-B6B9AF35194A}.Release|Win32.Build.0 = Release|Win32
		{07B0F33D-BD76-4274-8B6E-B6B9AF35194A}.Release|x64.ActiveCfg = Release|x64
		{07B0F33D-BD76-4274-8B6E-B6B9AF35194A}.Release|x64.Build.0 = Release|x64
		{07B0F33D-BD76-4274-8B6E-B6B9AF35194A}.Release-MT|Win32.ActiveCfg = Release-MT|Win32
		{07B0F33D-BD76-4274-8B6E-B6B9AF35194A}.Release-MT|Win32.Build.0 = Release-MT|Win32
		{07B0F33D-BD76-4274-8B6E-B6B9AF35194A}.Release-MT|x64.ActiveCfg = Release-MT|x64
		{07B0F33D-BD76-4274-8B6E-B6B9AF35194A}.Release-MT|x64.Build.0 = Release-MT|x64
		{E9E3E971-1CF7-4C15-947E-B55E3D86607C}.Debug|Win32.ActiveCfg = Debug|Win32
		{E9E3E971-1CF7-4C15-947E-B55E3D86607C}.Debug|Win32.Build.0 = Debug|Win32
		{E9E3E971-1CF7-4C15-947E-B55E3D86607C}.Debug|x64.ActiveCfg = Debug|x64
		{E9E3E971-1CF7-4C15-947E-B55E3D86607C}.Debug|x64.Build.0 = Debug|x64
		{E9E3E971-1CF7-4C15-947E-B55E3D86607C}.Debug§MT|Win32.ActiveCfg = Debug§MT|Win32
		{E9E3E971-1CF7-4C15-947E-B55E3D86607C}.Debug§MT|Win32.Build.0 = Debug§MT|Win32
		{E9E3E971-1CF7-4C15-947E-B55E3D86607C}.Debug§MT|x64.ActiveCfg = Debug§MT|x64
		{E9E3E971-1CF7-4C15-947E-B55E3D86607C}.Debug§MT|x64.Build.0 = Debug§MT|x64
		{E9E3E971-1CF7-4C15-947E-B55E3D86607C}.Debug-MT|Win32.ActiveCfg = Debug-MT|Win32
		{E9E3E971-1CF7-4C15-947E-B55E3D86607C}.Debug-MT|Win32.Build.0 = Debug-MT|Win32
		{E9E3E971-1CF7-4C15-947E-B55E3D86607C}.Debug-MT|x64.ActiveCfg = Debug-MT|x64
		{E9E3E971-1CF7-4C15-947E-B55E3D86607C}.Debug-MT|x64.Build.0 = Debug-MT|x64
		{E9E3E971-1CF7-4C15-947E-B55E3D86607C}.Release|Win32.ActiveCfg = Release|Win32
		{E9E3E971-1CF7-4C15-947E-B55E3D86607C}.Release|Win32.Build.0 = Release|Win32
		{E9E3E971-1CF7-4C15-947E-B55E3D86607C}.Release|x64.ActiveCfg = Release|x64
		{E9E3E971-1CF7-4C15-947E-B55E3D86607C}.Release|x64.Build.0 = Release|x64
		{E9E3E971-1CF7-4C15-947E-B55E3D86607C}.Release-MT|Win32.ActiveCfg = Release-MT|Win32
		{E9E3E971-1CF7-4C15-947E-B55E3D86607C}.Release-MT|Win32.Build.0 = Release-MT|Win32
		{E9E3E971-1CF7-4C15-947E-B55E3D86607C}.Release-MT|x64.ActiveCfg = Release-MT|x64
		{E9E3E971-1CF7-4C15-947E-B55E3D86607C}.Release-MT|x64.Build.0 = Release-MT|x64
		{131C4F40-2DE9-41C7-9416-8F4D8BCA43C9}.Debug|Win32.ActiveCfg = Debug|Win32
		{131C4F40-2DE9-41C7-9416-8F4D8BCA43C9}.Debug|Win32.Build.0 = Debug|Win32
		{131C4F40-2DE9-41C7-9416-8F4D8BCA43C9}.Debug|x64.ActiveCfg = Debug|x64
		{131C4F40-2DE9-41C7-9416-8F4D8BCA43C9}.Debug|x64.Build.0 = Debug|x64
		{131C4F40-2DE9-41C7-9416-8F4D8BCA43C9}.Debug§MT|Win32.ActiveCfg = Debug§MT|Win32
		{131C4F40-2DE9-41C7-9416-8F4D8BCA43C9}.Debug§MT|Win32.Build.0 = Debug§MT|Win32
		{131C4F40-2DE9-41C7-9416-8F4D8BCA43C9}.Debug§MT|x64.ActiveCfg = Debug§MT|x64
		{131C4F40-2DE9-41C7-9416-8F4D8BCA43C9}.Debug§MT|x64.Build.0 = Debug§MT|x64
		{131C4F40-2DE9-41C7-9416-8F4D8BCA43C9}.Debug-MT|Win32.ActiveCfg = Debug-MT|Win32
		{131C4F40-2DE9-41C7-9416-8F4D8BCA43C9}.Debug-MT|Win32.Build.0 = Debug-MT|Win32
		{131C4F40-2DE9-41C7-9416-8F4D8BCA43C9}.Debug-MT|x64.ActiveCfg = Debug-MT|x64
		{131C4F40-2DE9-41C7-9416-8F4D8BCA43C9}.Debug-MT|x64.Build.0 = Debug-MT|x64
		{131C4F40-2DE9-41C7-9416-8F4D8BCA43C9}.Release|Win32.ActiveCfg = Release|Win32
		{131C4F40-2DE9-41C7-9416-8F4D8BCA43C9}.Release|Win32.Build.0 = Release|Win32
		{131C4F40-2DE9-41C7-9416-8F4D8BCA43C9}.Release|x64.ActiveCfg = Release|x64
		{131C4F40-2DE9-41C7-9416-8F4D8BCA43C9}.Release|x64.Build.0 = Release|x64
		{131C4F40-2DE9-41C7-9416-8F4D8BCA43C9}.Release-MT|Win32.ActiveCfg = Release-MT|Win32
		{131C4F40-2DE9-41C7-9416-8F4D8BCA43C9}.Release-MT|Win32.Build.0 = Release-MT|Win32
		{131C4F40-2DE9-41C7-9416-8F4D8BCA43C9}.Release-MT|x64.ActiveCfg = Release-MT|x64
		{131C4F40-2DE9-41C7-9416-8F4D8BCA43C9}.Release-MT|x64.Build.0 = Release-MT|x64
		{7E513275-1830-4097-8FA1-D632120AE05B}.Debug|Win32.ActiveCfg = Debug|Win32
		{7E513275-1830-4097-8FA1-D632120AE05B}.Debug|Win32.Build.0 = Debug|Win32
		{7E513275-1830-4097-8FA1-D632120AE05B}.Debug|x64.ActiveCfg = Debug|x64
		{7E513275-1830-4097-8FA1-D632120AE05B}.Debug|x64.Build.0 = Debug|x64
		{7E513275-1830-4097-8FA1-D632120AE05B}.Debug§MT|Win32.ActiveCfg = Debug§MT|Win32
		{7E513275-1830-4097-8FA1-D632120AE05B}.Debug§MT|Win32.Build.0 = Debug§MT|Win32
		{7E513275-1830-4097-8FA1-D632120AE05B}.Debug§MT|x64.ActiveCfg = Debug§MT|x64
		{7E513275-1830-4097-8FA1-D632120AE05B}.Debug§MT|x64.Build.0 = Debug§MT|x64
		{7E513275-1830-4097-8FA1-D632120AE05B}.Debug-MT|Win32.ActiveCfg = Debug-MT|Win32
		{7E513275-1830-4097-8FA1-D632120AE05B}.Debug-MT|Win32.Build.0 = Debug-MT|Win32
		{7E513275-1830-4097-8FA1-D632120AE05B}.Debug-MT|x64.ActiveCfg = Debug-MT|x64
		{7E513275-1830-4097-8FA1-D632120AE05B}.Debug-MT|x64.Build.0 = Debug-MT|x64
		{7E513275-1830-4097-8FA1-D632120AE05B}.Release|Win32.ActiveCfg = Release|Win32
		{7E513275-1830-4097-8FA1-D632120AE05B}.Release|Win32.Build.0 = Release|Win32
		{7E513275-1830-4097-8FA1-D632120AE05B}.Release|x64.ActiveCfg = Release|x64
		{7E513275-1830-4097-8FA1-D632120AE05B}.Release|x64.Build.0 = Release|x64
		{7E513275-1830-4097-8FA1-D632120AE05B}.Release-MT|Win32.ActiveCfg = Release-MT|Win32
		{7E513275-1830-4097-8FA1-D632120AE05B}.Release-MT|Win32.Build.0 = Release-MT|Win32
		{7E513275-1830-4097-8FA1-D632120AE05B}.Release-MT|x64.ActiveCfg = Release-MT|x64
		{7E513275-1830-4097-8FA1-D632120AE05B}.Release-MT|x64.Build.0 = Release-MT|x64
		{48714259-433D-4B0A-B439-123B7B174586}.Debug|Win32.ActiveCfg = Debug|Win32
		{48714259-433D-4B0A-B439-123B7B174586}.Debug|Win32.Build.0 = Debug|Win32
		{48714259-433D-4B0A-B439-123B7B174586}.Debug|x64.ActiveCfg = Debug|x64
		{48714259-433D-4B0A-B439-123B7B174586}.Debug|x64.Build.0 = Debug|x64
		{48714259-433D-4B0A-B439-123B7B174586}.Debug§MT|Win32.ActiveCfg = Debug§MT|Win32
		{48714259-433D-4B0A-B439-123B7B174586}.Debug§MT|Win32.Build.0 = Debug§MT|Win32
		{48714259-433D-4B0A-B439-123B7B174586}.Debug§MT|x64.ActiveCfg = Debug§MT|x64
		{48714259-433D-4B0A-B439-123B7B174586}.Debug§MT|x64.Build.0 = Debug§MT|x64
		{48714259-433D-4B0A-B439-123B7B174586}.Debug-MT|Win32.ActiveCfg = Debug-MT|Win32
		{48714259-433D-4B0A-B439-123B7B174586}.Debug-MT|Win32.Build.0 = Debug-MT|Win32
		{48714259-433D-4B0A-B439-123B7B174586}.Debug-MT|x64.ActiveCfg = Debug-MT|x64
		{48714259-433D-4B0A-B439-123B7B174586}.Debug-MT|x64.Build.0 = Debug-MT|x64
		{48714259-433D-4B0A-B439-123B7B174586}.Release|Win32.ActiveCfg = Release|Win32
		{48714259-433D-4B0A-B439-123B7B174586}.Release|Win32.Build.0 = Release|Win32
		{48714259-433D-4B0A-B439-123B7B174586}.Release|x64.ActiveCfg = Release|x64
		{48714259-433D-4B0A-B439-123B7B174586}.Release|x64.Build.0 = Release|x64
		{48714259-433D-4B0A-B439-123B7B174586}.Release-MT|Win32.ActiveCfg = Release-MT|Win32
		{48714259-433D-4B0A-B439-123B7B174586}.Release-MT|Win32.Build.0 = Release-MT|Win32
		{48714259-433D-4B0A-B439-123B7B174586}.Release-MT|x64.ActiveCfg = Release-MT|x64
		{48714259-433D-4B0A-B439-123B7B174586}.Release-MT|x64.Build.0 = Release-MT|x64
		{01064AF3-0E51-4C16-A47F-4403B551878A}.Debug|Win32.ActiveCfg = Debug|Win32
		{01064AF3-0E51-4C16-A47F-4403B551878A}.Debug|Win32.Build.0 = Debug|Win32
		{01064AF3-0E51-4C16-A47F-4403B551878A}.Debug|x64.ActiveCfg = Debug|x64
		{01064AF3-0E51-4C16-A47F-4403B551878A}.Debug|x64.Build.0 = Debug|x64
		{01064AF3-0E51-4C16-A47F-4403B551878A}.Debug§MT|Win32.ActiveCfg = Debug§MT|Win32
		{01064AF3-0E51-4C16-A47F-4403B551878A}.Debug§MT|Win32.Build.0 = Debug§MT|Win32
		{01064AF3-0E51-4C16-A47F-4403B551878A}.Debug§MT|x64.ActiveCfg = Debug§MT|x64
		{01064AF3-0E51-4C16-A47F-4403B551878A}.Debug§MT|x64.Build.0 = Debug§MT|x64
		{01064AF3-0E51-4C16-A47F-4403B551878A}.Debug-MT|Win32.ActiveCfg = Debug-MT|Win32
		{01064AF3-0E51-4C16-A47F-4403B551878A}.Debug-MT|Win32.Build.0 = Debug-MT|Win32
		{01064AF3-0E51-4C16-A47F-4403B551878A}.Debug-MT|x64.ActiveCfg = Debug-MT|x64
		{01064AF3-0E51-4C16-A47F-4403B551878A}.Debug-MT|x64.Build.0 = Debug-MT|x64
		{01064AF3-0E51-4C16-A47F-4403B551878A}.Release|Win32.ActiveCfg = Release|Win32
		{01064AF3-0E51-4C16-A47F-4403B551878A}.Release|Win32.Build.0 = Release|Win32
		{01064AF3-0E51-4C16-A47F-4403B551878A}.Release|x64.ActiveCfg = Release|x64
		{01064AF3-0E51-4C16-A47F-4403B551878A}.Release|x64.Build.0 = Release|x64
		{01064AF3-0E51-4C16-A47F-4403B551878A}.Release-MT|Win32.ActiveCfg = Release-MT|Win32
		{01064AF3-0E51-4C16-A47F-4403B551878A}.Release-MT|Win32.Build.0 = Release-MT|Win32
		{01064AF3-0E51-4C16-A47F-4403B551878A}.Release-MT|x64.ActiveCfg = Release-MT|x64
		{01064AF3-0E51-4C16-A47F-4403B551878A}.Release-MT|x64.Build.0 = Release-MT|x64
		{995E0068-60CA-4378-A6AC-DB2FCCD70DA3}.Debug|Win32.ActiveCfg = Debug|Win32
		{995E0068-60CA-4378-A6AC-DB2FCCD70DA3}.Debug|Win32.Build.0 = Debug|Win32
		{995E0068-60CA-4378-A6AC-DB2FCCD70DA3}.Debug|x64.ActiveCfg = Debug|x64
		{995E0068-60CA-4378-A6AC-DB2FCCD70DA3}.Debug|x64.Build.0 = Debug|x64
		{995E0068-60CA-4378-A6AC-DB2FCCD70DA3}.Debug§MT|Win32.ActiveCfg = Debug§MT|Win32
		{995E0068-60CA-4378-A6AC-DB2FCCD70DA3}.Debug§MT|Win32.Build.0 = Debug§MT|Win32
		{995E0068-60CA-4378-A6AC-DB2FCCD70DA3}.Debug§MT|x64.ActiveCfg = Debug§MT|x64
		{995E0068-60CA-4378-A6AC-DB2FCCD70DA3}.Debug§MT|x64.Build.0 = Debug§MT|x64
		{995E0068-60CA-4378-A6AC-DB2FCCD70DA3}.Debug-MT|Win32.ActiveCfg = Debug-MT|Win32
		{995E0068-60CA-4378-A6AC-DB2FCCD70DA3}.Debug-MT|Win32.Build.0 = Debug-MT|Win32
		{995E0068-60CA-4378-A6AC-DB2FCCD70DA3}.Debug-MT|x64.ActiveCfg = Debug-MT|x64
		{995E0068-60CA-4378-A6AC-DB2FCCD70DA3}.Debug-MT|x64.Build.0 = Debug-MT|x64
		{995E0068-60CA-4378-A6AC-DB2FCCD70DA3}.Release|Win32.ActiveCfg = Release|Win32
		{995E0068-60CA-4378-A6AC-DB2FCCD70DA3}.Release|Win32.Build.0 = Release|Win32
		{995E0068-60CA-4378-A6AC-DB2FCCD70DA3}.Release|x64.ActiveCfg = Release|x64
		{995E0068-60CA-4378-A6AC-DB2FCCD70DA3}.Release|x64.Build.0 = Release|x64
		{995E0068-60CA-4378-A6AC-DB2FCCD70DA3}.Release-MT|Win32.ActiveCfg = Release-MT|Win32
		{995E0068-60CA-4378-A6AC-DB2FCCD70DA3}.Release-MT|Win32.Build.0 = Release-MT|Win32
		{995E0068-60CA-4378-A6AC-DB2FCCD70DA3}.Release-MT|x64.ActiveCfg = Release-MT|x64
		{995E0068-60CA-4378-A6AC-DB2FCCD70DA3}.Release-MT|x64.Build.0 = Release-MT|x64
		{3573A0B6-7818-4153-8F64-66BCA353CE42}.Debug|Win32.ActiveCfg = Debug|Win32
		{3573A0B6-7818-4153-8F64-66BCA353CE42}.Debug|Win32.Build.0 = Debug|Win32
		{3573A0B6-7818-4153-8F64-66BCA353CE42}.Debug|x64.ActiveCfg = Debug|x64
		{3573A0B6-7818-4153-8F64-66BCA353CE42}.Debug|x64.Build.0 = Debug|x64
		{3573A0B6-7818-4153-8F64-66BCA353CE42}.Debug§MT|Win32.ActiveCfg = Debug§MT|Win32
		{3573A0B6-7818-4153-8F64-66BCA353CE42}.Debug§MT|Win32.Build.0 = Debug§MT|Win32
		{3573A0B6-7818-4153-8F64-66BCA353CE42}.Debug§MT|x64.ActiveCfg = Debug§MT|x64
		{3573A0B6-7818-4153-8F64-66BCA353CE42}.Debug§MT|x64.Build.0 = Debug§MT|x64
		{3573A0B6-7818-4153-8F64-66BCA353CE42}.Debug-MT|Win32.ActiveCfg = Debug-MT|Win32
		{3573A0B6-7818-4153-8F64-66BCA353CE42}.Debug-MT|Win32.Build.0 = Debug-MT|Win32
		{3573A0B6-7818-4153-8F64-66BCA353CE42}.Debug-MT|x64.ActiveCfg = Debug-MT|x64
		{3573A0B6-7818-4153-8F64-66BCA353CE42}.Debug-MT|x64.Build.0 = Debug-MT|x64
		{3573A0B6-7818-4153-8F64-66BCA353CE42}.Release|Win32.ActiveCfg = Release|Win32
		{3573A0B6-7818-4153-8F64-66BCA353CE42}.Release|Win32.Build.0 = Release|Win32
		{3573A0B6-7818-4153-8F64-66BCA353CE42}.Release|x64.ActiveCfg = Release|x64
		{3573A0B6-7818-4153-8F64-66BCA353CE42}.Release|x64.Build.0 = Release|x64
		{3573A0B6-7818-4153-8F64-66BCA353CE42}.Release-MT|Win32.ActiveCfg = Release-MT|Win32
		{3573A0B6-7818-4153-8F64-66BCA353CE42}.Release-MT|Win32.Build.0 = Release-MT|Win32
		{3573A0B6-7818-4153-8F64-66BCA353CE42}.Release-MT|x64.ActiveCfg = Release-MT|x64
		{3573A0B6-7818-4153-8F64-66BCA353CE42}.Release-MT|x64.Build.0 = Release-MT|x64
		{7B34EC79-845C-40C5-8DE8-2E232B804FE7}.Debug|Win32.ActiveCfg = Debug|Win32
		{7B34EC79-845C-40C5-8DE8-2E232B804FE7}.Debug|Win32.Build.0 = Debug|Win32
		{7B34EC79-845C-40C5-8DE8-2E232B804FE7}.Debug|x64.ActiveCfg = Debug|x64
		{7B34EC79-845C-40C5-8DE8-2E232B804FE7}.Debug|x64.Build.0 = Debug|x64
		{7B34EC79-845C-40C5-8DE8-2E232B804FE7}.Debug§MT|Win32.ActiveCfg = Debug§MT|Win32
		{7B34EC79-845C-40C5-8DE8-2E232B804FE7}.Debug§MT|Win32.Build.0 = Debug§MT|Win32
		{7B34EC79-845C-40C5-8DE8-2E232B804FE7}.Debug§MT|x64.ActiveCfg = Debug§MT|x64
		{7B34EC79-845C-40C5-8DE8-2E232B804FE7}.Debug§MT|x64.Build.0 = Debug§MT|x64
		{7B34EC79-845C-40C5-8DE8-2E232B804FE7}.Debug-MT|Win32.ActiveCfg = Debug-MT|Win32
		{7B34EC79-845C-40C5-8DE8-2E232B804FE7}.Debug-MT|Win32.Build.0 = Debug-MT|Win32
		{7B34EC79-845C-40C5-8DE8-2E232B804FE7}.Debug-MT|x64.ActiveCfg = Debug-MT|x64
		{7B34EC79-845C-40C5-8DE8-2E232B804FE7}.Debug-MT|x64.Build.0 = Debug-MT|x64
		{7B34EC79-845C-40C5-8DE8-2E232B804FE7}.Release|Win32.ActiveCfg = Release|Win32
		{7B34EC79-845C-40C5-8DE8-2E232B804FE7}.Release|Win32.Build.0 = Release|Win32
		{7B34EC79-845C-40C5-8DE8-2E232B804FE7}.Release|x64.ActiveCfg = Release|x64
		{7B34EC79-845C-40C5-8DE8-2E232B804FE7}.Release|x64.Build.0 = Release|x64
		{7B34EC79-845C-40C5-8DE8-2E232B804FE7}.Release-MT|Win32.ActiveCfg = Release-MT|Win32
		{7B34EC79-845C-40C5-8DE8-2E232B804FE7}.Release-MT|Win32.Build.0 = Release-MT|Win32
		{7B34EC79-845C-40C5-8DE8-2E232B804FE7}.Release-MT|x64.ActiveCfg = Release-MT|x64
		{7B34EC79-845C-40C5-8DE8-2E232B804FE7}.Release-MT|x64.Build.0 = Release-MT|x64
		{5E450EAB-05CC-46B2-AEFB-BD8BBE2B0DCA}.Debug|Win32.ActiveCfg = Debug|Win32
		{5E450EAB-05CC-46B2-AEFB-BD8BBE2B0DCA}.Debug|Win32.Build.0 = Debug|Win32
		{5E450EAB-05CC-46B2-AEFB-BD8BBE2B0DCA}.Debug|x64.ActiveCfg = Debug|x64
		{5E450EAB-05CC-46B2-AEFB-BD8BBE2B0DCA}.Debug|x64.Build.0 = Debug|x64
		{5E450EAB-05CC-46B2-AEFB-BD8BBE2B0DCA}.Debug§MT|Win32.ActiveCfg = Debug§MT|Win32
		{5E450EAB-05CC-46B2-AEFB-BD8BBE2B0DCA}.Debug§MT|Win32.Build.0 = Debug§MT|Win32
		{5E450EAB-05CC-46B2-AEFB-BD8BBE2B0DCA}.Debug§MT|x64.ActiveCfg = Debug§MT|x64
		{5E450EAB-05CC-46B2-AEFB-BD8BBE2B0DCA}.Debug§MT|x64.Build.0 = Debug§MT|x64
		{5E450EAB-05CC-46B2-AEFB-BD8BBE2B0DCA}.Debug-MT|Win32.ActiveCfg = Debug-MT|Win32
		{5E450EAB-05CC-46B2-AEFB-BD8BBE2B0DCA}.Debug-MT|Win32.Build.0 = Debug-MT|Win32
		{5E450EAB-05CC-46B2-AEFB-BD8BBE2B0DCA}.Debug-MT|x64.ActiveCfg = Debug-MT|x64
		{5E450EAB-05CC-46B2-AEFB-BD8BBE2B0DCA}.Debug-MT|x64.Build.0 = Debug-MT|x64
		{5E450EAB-05CC-46B2-AEFB-BD8BBE2B0DCA}.Release|Win32.ActiveCfg = Release|Win32
		{5E450EAB-05CC-46B2-AEFB-BD8BBE2B0DCA}.Release|Win32.Build.0 = Release|Win32
		{5E450EAB-05CC-46B2-AEFB-BD8BBE2B0DCA}.Release|x64.ActiveCfg = Release|x64
		{5E450EAB-05CC-46B2-AEFB-BD8BBE2B0DCA}.Release|x64.Build.0 = Release|x64
		{5E450EAB-05CC-46B2-AEFB-BD8BBE2B0DCA}.Release-MT|Win32.ActiveCfg = Release-MT|Win32
		{5E450EAB-05CC-46B2-AEFB-BD8BBE2B0DCA}.Release-MT|Win32.Build.0 = Release-MT|Win32
		{5E450EAB-05CC-46B2-AEFB-BD8BBE2B0DCA}.Release-MT|x64.ActiveCfg = Release-MT|x64
		{5E450EAB-05CC-46B2-AEFB-BD8BBE2B0DCA}.Release-MT|x64.Build.0 = Release-MT|x64
		{63C9CB4C-91D1-4921-9F6B-D7375DEAF1D1}.Debug|Win32.ActiveCfg = Debug|Win32
		{63C9CB4C-91D1-4921-9F6B-D7375DEAF1D1}.Debug|Win32.Build.0 = Debug|Win32
		{63C9CB4C-91D1-4921-9F6B-D7375DEAF1D1}.Debug|x64.ActiveCfg = Debug|x64
		{63C9CB4C-91D1-4921-9F6B-D7375DEAF1D1}.Debug|x64.Build.0 = Debug|x64
		{63C9CB4C-91D1-4921-9F6B-D7375DEAF1D1}.Debug§MT|Win32.ActiveCfg = Debug§MT|Win32
		{63C9CB4C-91D1-4921-9F6B-D7375DEAF1D1}.Debug§MT|Win32.Build.0 = Debug§MT|Win32
		{63C9CB4C-91D1-4921-9F6B-D7375DEAF1D1}.Debug§MT|x64.ActiveCfg = Debug§MT|x64
		{63C9CB4C-91D1-4921-9F6B-D7375DEAF1D1}.Debug§MT|x64.Build.0 = Debug§MT|x64
		{63C9CB4C-91D1-4921-9F6B-D7375DEAF1D1}.Debug-MT|Win32.ActiveCfg = Debug-MT|Win32
		{63C9CB4C-91D1-4921-9F6B-D7375DEAF1D1}.Debug-MT|Win32.Build.0 = Debug-MT|Win32
		{63C9CB4C-91D1-4921-9F6B-D7375DEAF1D1}.Debug-MT|x64.ActiveCfg = Debug-MT|x64
		{63C9CB4C-91D1-4921-9F6B-D7375DEAF1D1}.Debug-MT|x64.Build.0 = Debug-MT|x64
		{63C9CB4C-91D1-4921-9F6B-D7375DEAF1D1}.Release|Win32.ActiveCfg = Release|Win32
		{63C9CB4C-91D1-4921-9F6B-D7375DEAF1D1}.Release|Win32.Build.0 = Release|Win32
		{63C9CB4C-91D1-4921-9F6B-D7375DEAF1D1}.Release|x64.ActiveCfg = Release|x64
		{63C9CB4C-91D1-4921-9F6B-D7375DEAF1D1}.Release|x64.Build.0 = Release|x64
		{63C9CB4C-91D1-4921-9F6B-D7375DEAF1D1}.Release-MT|Win32.ActiveCfg = Release-MT|Win32
		{63C9CB4C-91D1-4921-9F6B-D7375DEAF1D1}.Release-MT|Win32.Build.0 = Release-MT|Win32
		{63C9CB4C-91D1-4921-9F6B-D7375DEAF1D1}.Release-MT|x64.ActiveCfg = Release-MT|x64
		{63C9CB4C-91D1-4921-9F6B-D7375DEAF1D1}.Release-MT|x64.Build.0 = Release-MT|x64
		{F567C35C-A702-4E66-89C0-A87F18B5AC0E}.Debug|Win32.ActiveCfg = Debug|Win32
		{F567C35C-A702-4E66-89C0-A87F18B5AC0E}.Debug|Win32.Build.0 = Debug|Win32
		{F567C35C-A702-4E66-89C0-A87F18B5AC0E}.Debug|x64.ActiveCfg = Debug|x64
		{F567C35C-A702-4E66-89C0-A87F18B5AC0E}.Debug|x64.Build.0 = Debug|x64
		{F567C35C-A702-4E66-89C0-A87F18B5AC0E}.Debug§MT|Win32.ActiveCfg = Debug§MT|Win32
		{F567C35C-A702-4E66-89C0-A87F18B5AC0E}.Debug§MT|Win32.Build.0 = Debug§MT|Win32
		{F567C35C-A702-4E66-89C0-A87F18B5AC0E}.Debug§MT|x64.ActiveCfg = Debug§MT|x64
		{F567C35C-A702-4E66-89C0-A87F18B5AC0E}.Debug§MT|x64.Build.0 = Debug§MT|x64
		{F567C35C-A702-4E66-89C0-A87F18B5AC0E}.Debug-MT|Win32.ActiveCfg = Debug-MT|Win32
		{F567C35C-A702-4E66-89C0-A87F18B5AC0E}.Debug-MT|Win32.Build.0 = Debug-MT|Win32
		{F567C35C-A702-4E66-89C0-A87F18B5AC0E}.Debug-MT|x64.ActiveCfg = Debug-MT|x64
		{F567C35C-A702-4E66-89C0-A87F18B5AC0E}.Debug-MT|x64.Build.0 = Debug-MT|x64
		{F567C35C-A702-4E66-89C0-A87F18B5AC0E}.Release|Win32.ActiveCfg = Release|Win32
		{F567C35C-A702-4E66-89C0-A87F18B5AC0E}.Release|Win32.Build.0 = Release|Win32
		{F567C35C-A702-4E66-89C0-A87F18B5AC0E}.Release|x64.ActiveCfg = Release|x64
		{F567C35C-A702-4E66-89C0-A87F18B5AC0E}.Release|x64.Build.0 = Release|x64
		{F567C35C-A702-4E66-89C0-A87F18B5AC0E}.Release-MT|Win32.ActiveCfg = Release-MT|Win32
		{F567C35C-A702-4E66-89C0-A87F18B5AC0E}.Release-MT|Win32.Build.0 = Release-MT|Win32
		{F567C35C-A702-4E66-89C0-A87F18B5AC0E}.Release-MT|x64.ActiveCfg = Release-MT|x64
		{F567C35C-A702-4E66-89C0-A87F18B5AC0E}.Release-MT|x64.Build.0 = Release-MT|x64
		{6D7B33D7-D2EC-4FBD-9C69-765462B6616E}.Debug|Win32.ActiveCfg = Debug|Win32
		{6D7B33D7-D2EC-4FBD-9C69-765462B6616E}.Debug|Win32.Build.0 = Debug|Win32
		{6D7B33D7-D2EC-4FBD-9C69-765462B6616E}.Debug|x64.ActiveCfg = Debug|x64
		{6D7B33D7-D2EC-4FBD-9C69-765462B6616E}.Debug|x64.Build.0 = Debug|x64
		{6D7B33D7-D2EC-4FBD-9C69-765462B6616E}.Debug§MT|Win32.ActiveCfg = Debug§MT|Win32
		{6D7B33D7-D2EC-4FBD-9C69-765462B6616E}.Debug§MT|Win32.Build.0 = Debug§MT|Win32
		{6D7B33D7-D2EC-4FBD-9C69-765462B6616E}.Debug§MT|x64.ActiveCfg = Debug§MT|x64
		{6D7B33D7-D2EC-4FBD-9C69-765462B6616E}.Debug§MT|x64.Build.0 = Debug§MT|x64
		{6D7B33D7-D2EC-4FBD-9C69-765462B6616E}.Debug-MT|Win32.ActiveCfg = Debug-MT|Win32
		{6D7B33D7-D2EC-4FBD-9C69-765462B6616E}.Debug-MT|Win32.Build.0 = Debug-MT|Win32
		{6D7B33D7-D2EC-4FBD-9C69-765462B6616E}.Debug-MT|x64.ActiveCfg = Debug-MT|x64
		{6D7B33D7-D2EC-4FBD-9C69-765462B6616E}.Debug-MT|x64.Build.0 = Debug-MT|x64
		{6D7B33D7-D2EC-4FBD-9C69-765462B6616E}.Release|Win32.ActiveCfg = Release|Win32
		{6D7B33D7-D2EC-4FBD-9C69-765462B6616E}.Release|Win32.Build.0 = Release|Win32
		{6D7B33D7-D2EC-4FBD-9C69-765462B6616E}.Release|x64.ActiveCfg = Release|x64
		{6D7B33D7-D2EC-4FBD-9C69-765462B6616E}.Release|x64.Build.0 = Release|x64
		{6D7B33D7-D2EC-4FBD-9C69-765462B6616E}.Release-MT|Win32.ActiveCfg = Release-MT|Win32
		{6D7B33D7-D2EC-4FBD-9C69-765462B6616E}.Release-MT|Win32.Build.0 = Release-MT|Win32
		{6D7B33D7-D2EC-4FBD-9C69-765462B6616E}.Release-MT|x64.ActiveCfg = Release-MT|x64
		{6D7B33D7-D2EC-4FBD-9C69-765462B6616E}.Release-MT|x64.Build.0 = Release-MT|x64
		{1ED94F83-4974-4A9A-B450-2F22A966AA0C}.Debug|Win32.ActiveCfg = Debug|Win32
		{1ED94F83-4974-4A9A-B450-2F22A966AA0C}.Debug|Win32.Build.0 = Debug|Win32
		{1ED94F83-4974-4A9A-B450-2F22A966AA0C}.Debug|x64.ActiveCfg = Debug|x64
		{1ED94F83-4974-4A9A-B450-2F22A966AA0C}.Debug|x64.Build.0 = Debug|x64
		{1ED94F83-4974-4A9A-B450-2F22A966AA0C}.Debug§MT|Win32.ActiveCfg = Debug§MT|Win32
		{1ED94F83-4974-4A9A-B450-2F22A966AA0C}.Debug§MT|Win32.Build.0 = Debug§MT|Win32
		{1ED94F83-4974-4A9A-B450-2F22A966AA0C}.Debug§MT|x64.ActiveCfg = Debug§MT|x64
		{1ED94F83-4974-4A9A-B450-2F22A966AA0C}.Debug§MT|x64.Build.0 = Debug§MT|x64
		{1ED94F83-4974-4A9A-B450-2F22A966AA0C}.Debug-MT|Win32.ActiveCfg = Debug-MT|Win32
		{1ED94F83-4974-4A9A-B450-2F22A966AA0C}.Debug-MT|Win32.Build.0 = Debug-MT|Win32
		{1ED94F83-4974-4A9A-B450-2F22A966AA0C}.Debug-MT|x64.ActiveCfg = Debug-MT|x64
		{1ED94F83-4974-4A9A-B450-2F22A966AA0C}.Debug-MT|x64.Build.0 = Debug-MT|x64
		{1ED94F83-4974-4A9A-B450-2F22A966AA0C}.Release|Win32.ActiveCfg = Release|Win32
		{1ED94F83-4974-4A9A-B450-2F22A966AA0C}.Release|Win32.Build.0 = Release|Win32
		{1ED94F83-4974-4A9A-B450-2F22A966AA0C}.Release|x64.ActiveCfg = Release|x64
		{1ED94F83-4974-4A9A-B450-2F22A966AA0C}.Release|x64.Build.0 = Release|x64
		{1ED94F83-4974-4A9A-B450-2F22A966AA0C}.Release-MT|Win32.ActiveCfg = Release-MT|Win32
		{1ED94F83-4974-4A9A-B450-2F22A966AA0C}.Release-MT|Win32.Build.0 = Release-MT|Win32
		{1ED94F83-4974-4A9A-B450-2F22A966AA0C}.Release-MT|x64.ActiveCfg = Release-MT|x64
		{1ED94F83-4974-4A9A-B450-2F22A966AA0C}.Release-MT|x64.Build.0 = Release-MT|x64
		{8FF47281-648B-46DB-8225-0480C71EA293}.Debug|Win32.ActiveCfg = Debug|Win32
		{8FF47281-648B-46DB-8225-0480C71EA293}.Debug|Win32.Build.0 = Debug|Win32
		{8FF47281-648B-46DB-8225-0480C71EA293}.Debug|x64.ActiveCfg = Debug|x64
		{8FF47281-648B-46DB-8225-0480C71EA293}.Debug|x64.Build.0 = Debug|x64
		{8FF47281-648B-46DB-8225-0480C71EA293}.Debug§MT|Win32.ActiveCfg = Debug§MT|Win32
		{8FF47281-648B-46DB-8225-0480C71EA293}.Debug§MT|Win32.Build.0 = Debug§MT|Win32
		{8FF47281-648B-46DB-8225-0480C71EA293}.Debug§MT|x64.ActiveCfg = Debug§MT|x64
		{8FF47281-648B-46DB-8225-0480C71EA293}.Debug§MT|x64.Build.0 = Debug§MT|x64
		{8FF47281-648B-46DB-8225-0480C71EA293}.Debug-MT|Win32.ActiveCfg = Debug-MT|Win32
		{8FF47281-648B-46DB-8225-0480C71EA293}.Debug-MT|Win32.Build.0 = Debug-MT|Win32
		{8FF47281-648B-46DB-8225-0480C71EA293}.Debug-MT|x64.ActiveCfg = Debug-MT|x64
		{8FF47281-648B-46DB-8225-0480C71EA293}.Debug-MT|x64.Build.0 = Debug-MT|x64
		{8FF47281-648B-46DB-8225-0480C71EA293}.Release|Win32.ActiveCfg = Release|Win32
		{8FF47281-648B-46DB-8225-0480C71EA293}.Release|Win32.Build.0 = Release|Win32
		{8FF47281-648B-46DB-8225-0480C71EA293}.Release|x64.ActiveCfg = Release|x64
		{8FF47281-648B-46DB-8225-0480C71EA293}.Release|x64.Build.0 = Release|x64
		{8FF47281-648B-46DB-8225-0480C71EA293}.Release-MT|Win32.ActiveCfg = Release-MT|Win32
		{8FF47281-648B-46DB-8225-0480C71EA293}.Release-MT|Win32.Build.0 = Release-MT|Win32
		{8FF47281-648B-46DB-8225-0480C71EA293}.Release-MT|x64.ActiveCfg = Release-MT|x64
		{8FF47281-648B-46DB-8225-0480C71EA293}.Release-MT|x64.Build.0 = Release-MT|x64
		{8084C616-A791-4938-81E5-4C1BC900AE03}.Debug|Win32.ActiveCfg = Debug|Win32
		{8084C616-A791-4938-81E5-4C1BC900AE03}.Debug|Win32.Build.0 = Debug|Win32
		{8084C616-A791-4938-81E5-4C1BC900AE03}.Debug|x64.ActiveCfg = Debug|x64
		{8084C616-A791-4938-81E5-4C1BC900AE03}.Debug|x64.Build.0 = Debug|x64
		{8084C616-A791-4938-81E5-4C1BC900AE03}.Debug§MT|Win32.ActiveCfg = Debug§MT|Win32
		{8084C616-A791-4938-81E5-4C1BC900AE03}.Debug§MT|Win32.Build.0 = Debug§MT|Win32
		{8084C616-A791-4938-81E5-4C1BC900AE03}.Debug§MT|x64.ActiveCfg = Debug§MT|x64
		{8084C616-A791-4938-81E5-4C1BC900AE03}.Debug§MT|x64.Build.0 = Debug§MT|x64
		{8084C616-A791-4938-81E5-4C1BC900AE03}.Debug-MT|Win32.ActiveCfg = Debug-MT|Win32
		{8084C616-A791-4938-81E5-4C1BC900AE03}.Debug-MT|Win32.Build.0 = Debug-MT|Win32
		{8084C616-A791-4938-81E5-4C1BC900AE03}.Debug-MT|x64.ActiveCfg = Debug-MT|x64
		{8084C616-A791-4938-81E5-4C1BC900AE03}.Debug-MT|x64.Build.0 = Debug-MT|x64
		{8084C616-A791-4938-81E5-4C1BC900AE03}.Release|Win32.ActiveCfg = Release|Win32
		{8084C616-A791-4938-81E5-4C1BC900AE03}.Release|Win32.Build.0 = Release|Win32
		{8084C616-A791-4938-81E5-4C1BC900AE03}.Release|x64.ActiveCfg = Release|x64
		{8084C616-A791-4938-81E5-4C1BC900AE03}.Release|x64.Build.0 = Release|x64
		{8084C616-A791-4938-81E5-4C1BC900AE03}.Release-MT|Win32.ActiveCfg = Release-MT|Win32
		{8084C616-A791-4938-81E5-4C1BC900AE03}.Release-MT|Win32.Build.0 = Release-MT|Win32
		{8084C616-A791-4938-81E5-4C1BC900AE03}.Release-MT|x64.ActiveCfg = Release-MT|x64
		{8084C616-A791-4938-81E5-4C1BC900AE03}.Release-MT|x64.Build.0 = Release-MT|x64
		{914CCCD4-B242-4477-8002-EA658696EB9F}.Debug|Win32.ActiveCfg = Debug|Win32
		{914CCCD4-B242-4477-8002-EA658696EB9F}.Debug|Win32.Build.0 = Debug|Win32
		{914CCCD4-B242-4477-8002-EA658696EB9F}.Debug|x64.ActiveCfg = Debug|x64
		{914CCCD4-B242-4477-8002-EA658696EB9F}.Debug|x64.Build.0 = Debug|x64
		{914CCCD4-B242-4477-8002-EA658696EB9F}.Debug§MT|Win32.ActiveCfg = Debug§MT|Win32
		{914CCCD4-B242-4477-8002-EA658696EB9F}.Debug§MT|Win32.Build.0 = Debug§MT|Win32
		{914CCCD4-B242-4477-8002-EA658696EB9F}.Debug§MT|x64.ActiveCfg = Debug§MT|x64
		{914CCCD4-B242-4477-8002-EA658696EB9F}.Debug§MT|x64.Build.0 = Debug§MT|x64
		{914CCCD4-B242-4477-8002-EA658696EB9F}.Debug-MT|Win32.ActiveCfg = Debug-MT|Win32
		{914CCCD4-B242-4477-8002-EA658696EB9F}.Debug-MT|Win32.Build.0 = Debug-MT|Win32
		{914CCCD4-B242-4477-8002-EA658696EB9F}.Debug-MT|x64.ActiveCfg = Debug-MT|x64
		{914CCCD4-B242-4477-8002-EA658696EB9F}.Debug-MT|x64.Build.0 = Debug-MT|x64
		{914CCCD4-B242-4477-8002-EA658696EB9F}.Release|Win32.ActiveCfg = Release|Win32
		{914CCCD4-B242-4477-8002-EA658696EB9F}.Release|Win32.Build.0 = Release|Win32
		{914CCCD4-B242-4477-8002-EA658696EB9F}.Release|x64.ActiveCfg = Release|x64
		{914CCCD4-B242-4477-8002-EA658696EB9F}.Release|x64.Build.0 = Release|x64
		{914CCCD4-B242-4477-8002-EA658696EB9F}.Release-MT|Win32.ActiveCfg = Release-MT|Win32
		{914CCCD4-B242-4477-8002-EA658696EB9F}.Release-MT|Win32.Build.0 = Release-MT|Win32
		{914CCCD4-B242-4477-8002-EA658696EB9F}.Release-MT|x64.ActiveCfg = Release-MT|x64
		{914CCCD4-B242-4477-8002-EA658696EB9F}.Release-MT|x64.Build.0 = Release-MT|x64
		{F8D3A685-663B-44EC-861C-5C3BB29BE319}.Debug|Win32.ActiveCfg = Debug|Win32
		{F8D3A685-663B-44EC-861C-5C3BB29BE319}.Debug|Win32.Build.0 = Debug|Win32
		{F8D3A685-663B-44EC-861C-5C3BB29BE319}.Debug|x64.ActiveCfg = Debug|x64
		{F8D3A685-663B-44EC-861C-5C3BB29BE319}.Debug|x64.Build.0 = Debug|x64
		{F8D3A685-663B-44EC-861C-5C3BB29BE319}.Debug§MT|Win32.ActiveCfg = Debug§MT|Win32
		{F8D3A685-663B-44EC-861C-5C3BB29BE319}.Debug§MT|Win32.Build.0 = Debug§MT|Win32
		{F8D3A685-663B-44EC-861C-5C3BB29BE319}.Debug§MT|x64.ActiveCfg = Debug§MT|x64
		{F8D3A685-663B-44EC-861C-5C3BB29BE319}.Debug§MT|x64.Build.0 = Debug§MT|x64
		{F8D3A685-663B-44EC-861C-5C3BB29BE319}.Debug-MT|Win32.ActiveCfg = Debug-MT|Win32
		{F8D3A685-663B-44EC-861C-5C3BB29BE319}.Debug-MT|Win32.Build.0 = Debug-MT|Win32
		{F8D3A685-663B-44EC-861C-5C3BB29BE319}.Debug-MT|x64.ActiveCfg = Debug-MT|x64
		{F8D3A685-663B-44EC-861C-5C3BB29BE319}.Debug-MT|x64.Build.0 = Debug-MT|x64
		{F8D3A685-663B-44EC-861C-5C3BB29BE319}.Release|Win32.ActiveCfg = Release|Win32
		{F8D3A685-663B-44EC-861C-5C3BB29BE319}.Release|Win32.Build.0 = Release|Win32
		{F8D3A685-663B-44EC-861C-5C3BB29BE319}.Release|x64.ActiveCfg = Release|x64
		{F8D3A685-663B-44EC-861C-5C3BB29BE319}.Release|x64.Build.0 = Release|x64
		{F8D3A685-663B-44EC-861C-5C3BB29BE319}.Release-MT|Win32.ActiveCfg = Release-MT|Win32
		{F8D3A685-663B-44EC-861C-5C3BB29BE319}.Release-MT|Win32.Build.0 = Release-MT|Win32
		{F8D3A685-663B-44EC-861C-5C3BB29BE319}.Release-MT|x64.ActiveCfg = Release-MT|x64
		{F8D3A685-663B-44EC-861C-5C3BB29BE319}.Release-MT|x64.Build.0 = Release-MT|x64
		{9C0C293C-677C-4652-B557-A19DF6E75BAD}.Debug|Win32.ActiveCfg = Debug|Win32
		{9C0C293C-677C-4652-B557-A19DF6E75BAD}.Debug|Win32.Build.0 = Debug|Win32
		{9C0C293C-677C-4652-B557-A19DF6E75BAD}.Debug|x64.ActiveCfg = Debug|x64
		{9C0C293C-677C-4652-B557-A19DF6E75BAD}.Debug|x64.Build.0 = Debug|x64
		{9C0C293C-677C-4652-B557-A19DF6E75BAD}.Debug§MT|Win32.ActiveCfg = Debug§MT|Win32
		{9C0C293C-677C-4652-B557-A19DF6E75BAD}.Debug§MT|Win32.Build.0 = Debug§MT|Win32
		{9C0C293C-677C-4652-B557-A19DF6E75BAD}.Debug§MT|x64.ActiveCfg = Debug§MT|x64
		{9C0C293C-677C-4652-B557-A19DF6E75BAD}.Debug§MT|x64.Build.0 = Debug§MT|x64
		{9C0C293C-677C-4652-B557-A19DF6E75BAD}.Debug-MT|Win32.ActiveCfg = Debug-MT|Win32
		{9C0C293C-677C-4652-B557-A19DF6E75BAD}.Debug-MT|Win32.Build.0 = Debug-MT|Win32
		{9C0C293C-677C-4652-B557-A19DF6E75BAD}.Debug-MT|x64.ActiveCfg = Debug-MT|x64
		{9C0C293C-677C-4652-B557-A19DF6E75BAD}.Debug-MT|x64.Build.0 = Debug-MT|x64
		{9C0C293C-677C-4652-B557-A19DF6E75BAD}.Release|Win32.ActiveCfg = Release|Win32
		{9C0C293C-677C-4652-B557-A19DF6E75BAD}.Release|Win32.Build.0 = Release|Win32
		{9C0C293C-677C-4652-B557-A19DF6E75BAD}.Release|x64.ActiveCfg = Release|x64
		{9C0C293C-677C-4652-B557-A19DF6E75BAD}.Release|x64.Build.0 = Release|x64
		{9C0C293C-677C-4652-B557-A19DF6E75BAD}.Release-MT|Win32.ActiveCfg = Release-MT|Win32
		{9C0C293C-677C-4652-B557-A19DF6E75BAD}.Release-MT|Win32.Build.0 = Release-MT|Win32
		{9C0C293C-677C-4652-B557-A19DF6E75BAD}.Release-MT|x64.ActiveCfg = Release-MT|x64
		{9C0C293C-677C-4652-B557-A19DF6E75BAD}.Release-MT|x64.Build.0 = Release-MT|x64
		{ABCEC763-4A76-49F9-8E45-4D82A69B10B0}.Debug|Win32.ActiveCfg = Debug|Win32
		{ABCEC763-4A76-49F9-8E45-4D82A69B10B0}.Debug|Win32.Build.0 = Debug|Win32
		{ABCEC763-4A76-49F9-8E45-4D82A69B10B0}.Debug|x64.ActiveCfg = Debug|x64
		{ABCEC763-4A76-49F9-8E45-4D82A69B10B0}.Debug|x64.Build.0 = Debug|x64
		{ABCEC763-4A76-49F9-8E45-4D82A69B10B0}.Debug§MT|Win32.ActiveCfg = Debug§MT|Win32
		{ABCEC763-4A76-49F9-8E45-4D82A69B10B0}.Debug§MT|Win32.Build.0 = Debug§MT|Win32
		{ABCEC763-4A76-49F9-8E45-4D82A69B10B0}.Debug§MT|x64.ActiveCfg = Debug§MT|x64
		{ABCEC763-4A76-49F9-8E45-4D82A69B10B0}.Debug§MT|x64.Build.0 = Debug§MT|x64
		{ABCEC763-4A76-49F9-8E45-4D82A69B10B0}.Debug-MT|Win32.ActiveCfg = Debug-MT|Win32
		{ABCEC763-4A76-49F9-8E45-4D82A69B10B0}.Debug-MT|Win32.Build.0 = Debug-MT|Win32
		{ABCEC763-4A76-49F9-8E45-4D82A69B10B0}.Debug-MT|x64.ActiveCfg = Debug-MT|x64
		{ABCEC763-4A76-49F9-8E45-4D82A69B10B0}.Debug-MT|x64.Build.0 = Debug-MT|x64
		{ABCEC763-4A76-49F9-8E45-4D82A69B10B0}.Release|Win32.ActiveCfg = Release|Win32
		{ABCEC763-4A76-49F9-8E45-4D82A69B10B0}.Release|Win32.Build.0 = Release|Win32
		{ABCEC763-4A76-49F9-8E45-4D82A69B10B0}.Release|x64.ActiveCfg = Release|x64
		{ABCEC763-4A76-49F9-8E45-4D82A69B10B0}.Release|x64.Build.0 = Release|x64
		{ABCEC763-4A76-49F9-8E45-4D82A69B10B0}.Release-MT|Win32.ActiveCfg = Release-MT|Win32
		{ABCEC763-4A76-49F9-8E45-4D82A69B10B0}.Release-MT|Win32.Build.0 = Release-MT|Win32
		{ABCEC763-4A76-49F9-8E45-4D82A69B10B0}.Release-MT|x64.ActiveCfg = Release-MT|x64
		{ABCEC763-4A76-49F9-8E45-4D82A69B10B0}.Release-MT|x64.Build.0 = Release-MT|x64
		{76FBE616-C280-49CF-B312-6FA4BEEB414B}.Debug|Win32.ActiveCfg = Debug|Win32
		{76FBE616-C280-49CF-B312-6FA4BEEB414B}.Debug|Win32.Build.0 = Debug|Win32
		{76FBE616-C280-49CF-B312-6FA4BEEB414B}.Debug|x64.ActiveCfg = Debug|x64
		{76FBE616-C280-49CF-B312-6FA4BEEB414B}.Debug|x64.Build.0 = Debug|x64
		{76FBE616-C280-49CF-B312-6FA4BEEB414B}.Debug§MT|Win32.ActiveCfg = Debug§MT|Win32
		{76FBE616-C280-49CF-B312-6FA4BEEB414B}.Debug§MT|Win32.Build.0 = Debug§MT|Win32
		{76FBE616-C280-49CF-B312-6FA4BEEB414B}.Debug§MT|x64.ActiveCfg = Debug§MT|x64
		{76FBE616-C280-49CF-B312-6FA4BEEB414B}.Debug§MT|x64.Build.0 = Debug§MT|x64
		{76FBE616-C280-49CF-B312-6FA4BEEB414B}.Debug-MT|Win32.ActiveCfg = Debug-MT|Win32
		{76FBE616-C280-49CF-B312-6FA4BEEB414B}.Debug-MT|Win32.Build.0 = Debug-MT|Win32
		{76FBE616-C280-49CF-B312-6FA4BEEB414B}.Debug-MT|x64.ActiveCfg = Debug-MT|x64
		{76FBE616-C280-49CF-B312-6FA4BEEB414B}.Debug-MT|x64.Build.0 = Debug-MT|x64
		{76FBE616-C280-49CF-B312-6FA4BEEB414B}.Release|Win32.ActiveCfg = Release|Win32
		{76FBE616-C280-49CF-B312-6FA4BEEB414B}.Release|Win32.Build.0 = Release|Win32
		{76FBE616-C280-49CF-B312-6FA4BEEB414B}.Release|x64.ActiveCfg = Release|x64
		{76FBE616-C280-49CF-B312-6FA4BEEB414B}.Release|x64.Build.0 = Release|x64
		{76FBE616-C280-49CF-B312-6FA4BEEB414B}.Release-MT|Win32.ActiveCfg = Release-MT|Win32
		{76FBE616-C280-49CF-B312-6FA4BEEB414B}.Release-MT|Win32.Build.0 = Release-MT|Win32
		{76FBE616-C280-49CF-B312-6FA4BEEB414B}.Release-MT|x64.ActiveCfg = Release-MT|x64
		{76FBE616-C280-49CF-B312-6FA4BEEB414B}.Release-MT|x64.Build.0 = Release-MT|x64
		{7CEB6939-6DAC-49A3-BC1A-33EF19DF4E45}.Debug|Win32.ActiveCfg = Debug|Win32
		{7CEB6939-6DAC-49A3-BC1A-33EF19DF4E45}.Debug|Win32.Build.0 = Debug|Win32
		{7CEB6939-6DAC-49A3-BC1A-33EF19DF4E45}.Debug|x64.ActiveCfg = Debug|x64
		{7CEB6939-6DAC-49A3-BC1A-33EF19DF4E45}.Debug|x64.Build.0 = Debug|x64
		{7CEB6939-6DAC-49A3-BC1A-33EF19DF4E45}.Debug§MT|Win32.ActiveCfg = Debug§MT|Win32
		{7CEB6939-6DAC-49A3-BC1A-33EF19DF4E45}.Debug§MT|Win32.Build.0 = Debug§MT|Win32
		{7CEB6939-6DAC-49A3-BC1A-33EF19DF4E45}.Debug§MT|x64.ActiveCfg = Debug§MT|x64
		{7CEB6939-6DAC-49A3-BC1A-33EF19DF4E45}.Debug§MT|x64.Build.0 = Debug§MT|x64
		{7CEB6939-6DAC-49A3-BC1A-33EF19DF4E45}.Debug-MT|Win32.ActiveCfg = Debug-MT|Win32
		{7CEB6939-6DAC-49A3-BC1A-33EF19DF4E45}.Debug-MT|Win32.Build.0 = Debug-MT|Win32
		{7CEB6939-6DAC-49A3-BC1A-33EF19DF4E45}.Debug-MT|x64.ActiveCfg = Debug-MT|x64
		{7CEB6939-6DAC-49A3-BC1A-33EF19DF4E45}.Debug-MT|x64.Build.0 = Debug-MT|x64
		{7CEB6939-6DAC-49A3-BC1A-33EF19DF4E45}.Release|Win32.ActiveCfg = Release|Win32
		{7CEB6939-6DAC-49A3-BC1A-33EF19DF4E45}.Release|Win32.Build.0 = Release|Win32
		{7CEB6939-6DAC-49A3-BC1A-33EF19DF4E45}.Release|x64.ActiveCfg = Release|x64
		{7CEB6939-6DAC-49A3-BC1A-33EF19DF4E45}.Release|x64.Build.0 = Release|x64
		{7CEB6939-6DAC-49A3-BC1A-33EF19DF4E45}.Release-MT|Win32.ActiveCfg = Release-MT|Win32
		{7CEB6939-6DAC-49A3-BC1A-33EF19DF4E45}.Release-MT|Win32.Build.0 = Release-MT|Win32
		{7CEB6939-6DAC-49A3-BC1A-33EF19DF4E45}.Release-MT|x64.ActiveCfg = Release-MT|x64
		{7CEB6939-6DAC-49A3-BC1A-33EF19DF4E45}.Release-MT|x64.Build.0 = Release-MT|x64
		{7A30AD1A-5562-4B04-8AE1-AD26F33E642E}.Debug|Win32.ActiveCfg = Debug|Win32
		{7A30AD1A-5562-4B04-8AE1-AD26F33E642E}.Debug|Win32.Build.0 = Debug|Win32
		{7A30AD1A-5562-4B04-8AE1-AD26F33E642E}.Debug|x64.ActiveCfg = Debug|x64
		{7A30AD1A-5562-4B04-8AE1-AD26F33E642E}.Debug|x64.Build.0 = Debug|x64
		{7A30AD1A-5562-4B04-8AE1-AD26F33E642E}.Debug§MT|Win32.ActiveCfg = Debug§MT|Win32
		{7A30AD1A-5562-4B04-8AE1-AD26F33E642E}.Debug§MT|Win32.Build.0 = Debug§MT|Win32
		{7A30AD1A-5562-4B04-8AE1-AD26F33E642E}.Debug§MT|x64.ActiveCfg = Debug§MT|x64
		{7A30AD1A-5562-4B04-8AE1-AD26F33E642E}.Debug§MT|x64.Build.0 = Debug§MT|x64
		{7A30AD1A-5562-4B04-8AE1-AD26F33E642E}.Debug-MT|Win32.ActiveCfg = Debug-MT|Win32
		{7A30AD1A-5562-4B04-8AE1-AD26F33E642E}.Debug-MT|Win32.Build.0 = Debug-MT|Win32
		{7A30AD1A-5562-4B04-8AE1-AD26F33E642E}.Debug-MT|x64.ActiveCfg = Debug-MT|x64
		{7A30AD1A-5562-4B04-8AE1-AD26F33E642E}.Debug-MT|x64.Build.0 = Debug-MT|x64
		{7A30AD1A-5562-4B04-8AE1-AD26F33E642E}.Release|Win32.ActiveCfg = Release|Win32
		{7A30AD1A-5562-4B04-8AE1-AD26F33E642E}.Release|Win32.Build.0 = Release|Win32
		{7A30AD1A-5562-4B04-8AE1-AD26F33E642E}.Release|x64.ActiveCfg = Release|x64
		{7A30AD1A-5562-4B04-8AE1-AD26F33E642E}.Release|x64.Build.0 = Release|x64
		{7A30AD1A-5562-4B04-8AE1-AD26F33E642E}.Release-MT|Win32.ActiveCfg = Release-MT|Win32
		{7A30AD1A-5562-4B04-8AE1-AD26F33E642E}.Release-MT|Win32.Build.0 = Release-MT|Win32
		{7A30AD1A-5562-4B04-8AE1-AD26F33E642E}.Release-MT|x64.ActiveCfg = Release-MT|x64
		{7A30AD1A-5562-4B04-8AE1-AD26F33E642E}.Release-MT|x64.Build.0 = Release-MT|x64
	EndGlobalSection
	GlobalSection(SolutionProperties) = preSolution
		HideSolutionNode = FALSE
	EndGlobalSection
EndGlobal
