<?xml version="1.0" encoding="utf-8"?>
<Project ToolsVersion="4.0" xmlns="http://schemas.microsoft.com/developer/msbuild/2003">
  <ItemGroup>
    <Filter Include="sources">
      <UniqueIdentifier>{22ee965b-ee1b-4cba-86e9-0e2df117634c}</UniqueIdentifier>
    </Filter>
    <Filter Include="header">
      <UniqueIdentifier>{e21df904-ccbe-4e7a-9262-b0225cd5bc53}</UniqueIdentifier>
    </Filter>
  </ItemGroup>
  <ItemGroup>
    <ClInclude Include="..\LIA_Utils\PolyExp\include\PolyExpand.h">
      <Filter>header</Filter>
    </ClInclude>
  </ItemGroup>
  <ItemGroup>
    <ClCompile Include="..\LIA_Utils\PolyExp\src\PolyExpand.cpp">
      <Filter>sources</Filter>
    </ClCompile>
    <ClCompile Include="..\LIA_Utils\PolyExp\src\PolyExpandMain.cpp">
      <Filter>sources</Filter>
    </ClCompile>
  </ItemGroup>
</Project>