<?xml version="1.0" encoding="utf-8"?>
<Project ToolsVersion="4.0" xmlns="http://schemas.microsoft.com/developer/msbuild/2003">
  <ItemGroup>
    <Filter Include="sources">
      <UniqueIdentifier>{9d486a35-4f74-43f4-8b89-c081685ac4e6}</UniqueIdentifier>
    </Filter>
    <Filter Include="header">
      <UniqueIdentifier>{e81dffe3-6f09-4ce2-b028-36de317cbf1b}</UniqueIdentifier>
    </Filter>
  </ItemGroup>
  <ItemGroup>
    <ClInclude Include="..\LIA_SpkDet\ComputeJFAStats\include\ComputeJFAStats.h">
      <Filter>header</Filter>
    </ClInclude>
  </ItemGroup>
  <ItemGroup>
    <ClCompile Include="..\LIA_SpkDet\ComputeJFAStats\src\ComputeJFAStats.cpp">
      <Filter>sources</Filter>
    </ClCompile>
    <ClCompile Include="..\LIA_SpkDet\ComputeJFAStats\src\ComputeJFAStatsMain.cpp">
      <Filter>sources</Filter>
    </ClCompile>
  </ItemGroup>
</Project>