<?xml version="1.0" encoding="utf-8"?>
<Project ToolsVersion="4.0" xmlns="http://schemas.microsoft.com/developer/msbuild/2003">
  <ItemGroup>
    <Filter Include="sources">
      <UniqueIdentifier>{bd445d15-4bfb-4d8d-a8b7-ffb1f9b1752d}</UniqueIdentifier>
    </Filter>
    <Filter Include="header">
      <UniqueIdentifier>{ab1cf990-e7db-4f29-b239-3b2126a9946c}</UniqueIdentifier>
    </Filter>
  </ItemGroup>
  <ItemGroup>
    <ClInclude Include="..\LIA_Utils\Scoring\include\Scoring.h">
      <Filter>header</Filter>
    </ClInclude>
  </ItemGroup>
  <ItemGroup>
    <ClCompile Include="..\LIA_Utils\Scoring\src\Scoring.cpp">
      <Filter>sources</Filter>
    </ClCompile>
    <ClCompile Include="..\LIA_Utils\Scoring\src\ScoringMain.cpp">
      <Filter>sources</Filter>
    </ClCompile>
  </ItemGroup>
</Project>