<?xml version="1.0" encoding="utf-8"?>
<Project ToolsVersion="4.0" xmlns="http://schemas.microsoft.com/developer/msbuild/2003">
  <ItemGroup>
    <Filter Include="sources">
      <UniqueIdentifier>{89264c3d-1cd3-4d51-8b2f-301f551cd31e}</UniqueIdentifier>
    </Filter>
    <Filter Include="header">
      <UniqueIdentifier>{b4507c71-4594-4c06-9745-42bfad51d9d7}</UniqueIdentifier>
    </Filter>
  </ItemGroup>
  <ItemGroup>
    <ClInclude Include="..\LIA_SpkDet\ShiftedDeltaFeat\include\ShiftedDeltaFeat.h">
      <Filter>header</Filter>
    </ClInclude>
  </ItemGroup>
  <ItemGroup>
    <ClCompile Include="..\LIA_SpkDet\ShiftedDeltaFeat\src\ShiftedDeltaFeat.cpp">
      <Filter>sources</Filter>
    </ClCompile>
    <ClCompile Include="..\LIA_SpkDet\ShiftedDeltaFeat\src\ShiftedDeltaFeatMain.cpp">
      <Filter>sources</Filter>
    </ClCompile>
  </ItemGroup>
</Project>